// !$*UTF8*$!
{
	archiveVersion = 1;
	classes = {
	};
	objectVersion = 48;
	objects = {

/* Begin PBXBuildFile section */
		2610121345B6067DADE417BE /* Pods_xdag_iosTests.framework in Frameworks */ = {isa = PBXBuildFile; fileRef = F575BF24B3A94D152579D826 /* Pods_xdag_iosTests.framework */; };
		6BB6FF58956E36C24BC09567 /* Pods_xdag_iosUITests.framework in Frameworks */ = {isa = PBXBuildFile; fileRef = B16B9CA38ADF1393659ED547 /* Pods_xdag_iosUITests.framework */; };
		AED687D18D3BA32ECAA614DF /* Pods_xdag_ios.framework in Frameworks */ = {isa = PBXBuildFile; fileRef = 25C83CF0A0B916236770A5D6 /* Pods_xdag_ios.framework */; };
		FD0638BD20CE2B63009CC3A2 /* utils.c in Sources */ = {isa = PBXBuildFile; fileRef = FD0638BC20CE2B63009CC3A2 /* utils.c */; };
		FD07F7CC204D081800BE86B9 /* SwiftNotice.swift in Sources */ = {isa = PBXBuildFile; fileRef = FD07F7CB204D081700BE86B9 /* SwiftNotice.swift */; };
		FD07F7CE204E6D1700BE86B9 /* SettingViewController.swift in Sources */ = {isa = PBXBuildFile; fileRef = FD07F7CD204E6D1700BE86B9 /* SettingViewController.swift */; };
		FD209CFE21231EAD00CD4080 /* Router.swift in Sources */ = {isa = PBXBuildFile; fileRef = FD209CFD21231EAD00CD4080 /* Router.swift */; };
		FD209D0021231F7200CD4080 /* ServiceApi.swift in Sources */ = {isa = PBXBuildFile; fileRef = FD209CFF21231F7200CD4080 /* ServiceApi.swift */; };
		FD209D0B2124782500CD4080 /* PasswordInputView.swift in Sources */ = {isa = PBXBuildFile; fileRef = FD209D042124782500CD4080 /* PasswordInputView.swift */; };
		FD209D0C2124782500CD4080 /* PasswordContainerView.swift in Sources */ = {isa = PBXBuildFile; fileRef = FD209D052124782500CD4080 /* PasswordContainerView.swift */; };
		FD209D0D2124782500CD4080 /* PasswordDotView.swift in Sources */ = {isa = PBXBuildFile; fileRef = FD209D062124782500CD4080 /* PasswordDotView.swift */; };
		FD209D0E2124782500CD4080 /* PasswordUIValidation.swift in Sources */ = {isa = PBXBuildFile; fileRef = FD209D072124782500CD4080 /* PasswordUIValidation.swift */; };
		FD209D0F2124782500CD4080 /* PasswordContainerView.xib in Resources */ = {isa = PBXBuildFile; fileRef = FD209D092124782500CD4080 /* PasswordContainerView.xib */; };
		FD209D102124782500CD4080 /* Assets.xcassets in Resources */ = {isa = PBXBuildFile; fileRef = FD209D0A2124782500CD4080 /* Assets.xcassets */; };
		FD209D122124F10F00CD4080 /* PasswordViewController.swift in Sources */ = {isa = PBXBuildFile; fileRef = FD209D112124F10F00CD4080 /* PasswordViewController.swift */; };
		FD209D172125C2D600CD4080 /* Keychain.swift in Sources */ = {isa = PBXBuildFile; fileRef = FD209D162125C2D600CD4080 /* Keychain.swift */; };
		FD8ACE4E2132BEAC00ED84AE /* BackupViewController.swift in Sources */ = {isa = PBXBuildFile; fileRef = FD8ACE4D2132BEAC00ED84AE /* BackupViewController.swift */; };
		FD9043C420CE0AD1008B9D6A /* XdagEvent.swift in Sources */ = {isa = PBXBuildFile; fileRef = FD9043C320CE0AD1008B9D6A /* XdagEvent.swift */; };
		FDA555D220A1E4E000173691 /* FSOpenSSL.m in Sources */ = {isa = PBXBuildFile; fileRef = FDA5558320A1E4E000173691 /* FSOpenSSL.m */; };
		FDA555D320A1E4E000173691 /* libcrypto.a in Frameworks */ = {isa = PBXBuildFile; fileRef = FDA5558520A1E4E000173691 /* libcrypto.a */; };
		FDA555D420A1E4E000173691 /* libssl.a in Frameworks */ = {isa = PBXBuildFile; fileRef = FDA5558620A1E4E000173691 /* libssl.a */; };
		FDA555F720A1F2BF00173691 /* CString.swift in Sources */ = {isa = PBXBuildFile; fileRef = FDA555F620A1F2BF00173691 /* CString.swift */; };
		FDA7E43320556A0400A914B1 /* AVCaptureSessionManager.swift in Sources */ = {isa = PBXBuildFile; fileRef = FDA7E43220556A0400A914B1 /* AVCaptureSessionManager.swift */; };
		FDA7E4352055713000A914B1 /* AppPermissions.swift in Sources */ = {isa = PBXBuildFile; fileRef = FDA7E4342055713000A914B1 /* AppPermissions.swift */; };
		FDA7E437205D18BC00A914B1 /* ScanViewController.swift in Sources */ = {isa = PBXBuildFile; fileRef = FDA7E436205D18BC00A914B1 /* ScanViewController.swift */; };
		FDA7E439205D1FA900A914B1 /* SendTransactionController.swift in Sources */ = {isa = PBXBuildFile; fileRef = FDA7E438205D1FA900A914B1 /* SendTransactionController.swift */; };
		FDA7E43B205D2BE800A914B1 /* XDagQuerySerialization.swift in Sources */ = {isa = PBXBuildFile; fileRef = FDA7E43A205D2BE800A914B1 /* XDagQuerySerialization.swift */; };
		FDCF1DB420C81FCA0049C3CC /* dfsrsa.c in Sources */ = {isa = PBXBuildFile; fileRef = FDCF1D6720C81FC90049C3CC /* dfsrsa.c */; };
		FDCF1DB520C81FCA0049C3CC /* crc_c.c in Sources */ = {isa = PBXBuildFile; fileRef = FDCF1D6920C81FC90049C3CC /* crc_c.c */; };
		FDCF1DB620C81FCA0049C3CC /* dfslib_crypt.c in Sources */ = {isa = PBXBuildFile; fileRef = FDCF1D6F20C81FC90049C3CC /* dfslib_crypt.c */; };
		FDCF1DB720C81FCA0049C3CC /* dfslib_random.c in Sources */ = {isa = PBXBuildFile; fileRef = FDCF1D7020C81FC90049C3CC /* dfslib_random.c */; };
		FDCF1DB820C81FCA0049C3CC /* dfslib_string.c in Sources */ = {isa = PBXBuildFile; fileRef = FDCF1D7120C81FC90049C3CC /* dfslib_string.c */; };
		FDCF1DB920C81FCA0049C3CC /* xdagmain.c in Sources */ = {isa = PBXBuildFile; fileRef = FDCF1D7320C81FC90049C3CC /* xdagmain.c */; };
		FDCF1DBA20C81FCA0049C3CC /* log.c in Sources */ = {isa = PBXBuildFile; fileRef = FDCF1D7420C81FC90049C3CC /* log.c */; };
		FDCF1DBB20C81FCA0049C3CC /* crypt.c in Sources */ = {isa = PBXBuildFile; fileRef = FDCF1D7520C81FC90049C3CC /* crypt.c */; };
		FDCF1DBC20C81FCA0049C3CC /* transport.c in Sources */ = {isa = PBXBuildFile; fileRef = FDCF1D7620C81FC90049C3CC /* transport.c */; };
		FDCF1DBD20C81FCA0049C3CC /* netdb.c in Sources */ = {isa = PBXBuildFile; fileRef = FDCF1D7820C81FC90049C3CC /* netdb.c */; };
		FDCF1DBE20C81FCA0049C3CC /* block.c in Sources */ = {isa = PBXBuildFile; fileRef = FDCF1D7A20C81FC90049C3CC /* block.c */; };
		FDCF1DBF20C81FCA0049C3CC /* memory.c in Sources */ = {isa = PBXBuildFile; fileRef = FDCF1D7B20C81FC90049C3CC /* memory.c */; };
		FDCF1DC020C81FCA0049C3CC /* wallet.c in Sources */ = {isa = PBXBuildFile; fileRef = FDCF1D7C20C81FC90049C3CC /* wallet.c */; };
		FDCF1DC120C81FCA0049C3CC /* storage.c in Sources */ = {isa = PBXBuildFile; fileRef = FDCF1D7E20C81FC90049C3CC /* storage.c */; };
		FDCF1DC220C81FCA0049C3CC /* netdb-white-testnet.txt in Resources */ = {isa = PBXBuildFile; fileRef = FDCF1D7F20C81FC90049C3CC /* netdb-white-testnet.txt */; };
		FDCF1DC320C81FCA0049C3CC /* netdb.txt in Resources */ = {isa = PBXBuildFile; fileRef = FDCF1D8220C81FC90049C3CC /* netdb.txt */; };
		FDCF1DC420C81FCA0049C3CC /* hash.c in Sources */ = {isa = PBXBuildFile; fileRef = FDCF1D8320C81FC90049C3CC /* hash.c */; };
		FDCF1DC520C81FCA0049C3CC /* sync.c in Sources */ = {isa = PBXBuildFile; fileRef = FDCF1D8820C81FC90049C3CC /* sync.c */; };
		FDCF1DC620C81FCA0049C3CC /* pool.c in Sources */ = {isa = PBXBuildFile; fileRef = FDCF1D8B20C81FC90049C3CC /* pool.c */; };
		FDCF1DC720C81FCA0049C3CC /* sha256.c in Sources */ = {isa = PBXBuildFile; fileRef = FDCF1D8F20C81FC90049C3CC /* sha256.c */; };
		FDCF1DC820C81FCA0049C3CC /* netdb-testnet.txt in Resources */ = {isa = PBXBuildFile; fileRef = FDCF1D9120C81FC90049C3CC /* netdb-testnet.txt */; };
		FDCF1DC920C81FCA0049C3CC /* address.c in Sources */ = {isa = PBXBuildFile; fileRef = FDCF1D9220C81FC90049C3CC /* address.c */; };
		FDCF1DCA20C81FCA0049C3CC /* statsdaemon.c in Sources */ = {isa = PBXBuildFile; fileRef = FDCF1D9520C81FC90049C3CC /* statsdaemon.c */; };
		FDCF1DCB20C81FCA0049C3CC /* netdb-white.txt in Resources */ = {isa = PBXBuildFile; fileRef = FDCF1D9620C81FC90049C3CC /* netdb-white.txt */; };
		FDCF1DCC20C81FCA0049C3CC /* dnet_threads.c in Sources */ = {isa = PBXBuildFile; fileRef = FDCF1D9920C81FC90049C3CC /* dnet_threads.c */; };
		FDCF1DCD20C81FCA0049C3CC /* dnet_files.c in Sources */ = {isa = PBXBuildFile; fileRef = FDCF1D9A20C81FC90049C3CC /* dnet_files.c */; };
		FDCF1DCE20C81FCA0049C3CC /* dnet_stream.c in Sources */ = {isa = PBXBuildFile; fileRef = FDCF1D9B20C81FC90049C3CC /* dnet_stream.c */; };
		FDCF1DCF20C81FCA0049C3CC /* dnet_crypt.c in Sources */ = {isa = PBXBuildFile; fileRef = FDCF1DA120C81FC90049C3CC /* dnet_crypt.c */; };
		FDCF1DD020C81FCA0049C3CC /* dnet_main.c in Sources */ = {isa = PBXBuildFile; fileRef = FDCF1DA220C81FC90049C3CC /* dnet_main.c */; };
		FDCF1DD120C81FCA0049C3CC /* dnet_log.c in Sources */ = {isa = PBXBuildFile; fileRef = FDCF1DA520C81FC90049C3CC /* dnet_log.c */; };
		FDCF1DD220C81FCA0049C3CC /* dnet_command.c in Sources */ = {isa = PBXBuildFile; fileRef = FDCF1DA720C81FC90049C3CC /* dnet_command.c */; };
		FDCF1DD320C81FCA0049C3CC /* dnet_database.c in Sources */ = {isa = PBXBuildFile; fileRef = FDCF1DA820C81FC90049C3CC /* dnet_database.c */; };
		FDCF1DD420C81FCA0049C3CC /* dnet_connection.c in Sources */ = {isa = PBXBuildFile; fileRef = FDCF1DAA20C81FC90049C3CC /* dnet_connection.c */; };
		FDCF1DD520C81FCA0049C3CC /* dnet_tap.c in Sources */ = {isa = PBXBuildFile; fileRef = FDCF1DAD20C81FC90049C3CC /* dnet_tap.c */; };
		FDCF1DD620C81FCA0049C3CC /* dnet_packet.c in Sources */ = {isa = PBXBuildFile; fileRef = FDCF1DAE20C81FC90049C3CC /* dnet_packet.c */; };
		FDCF1DD720C81FCA0049C3CC /* xdagwrapper.c in Sources */ = {isa = PBXBuildFile; fileRef = FDCF1DB320C81FCA0049C3CC /* xdagwrapper.c */; };
		FDD5AA272045B7B800C84CC1 /* TransactionViewController.swift in Sources */ = {isa = PBXBuildFile; fileRef = FDD5AA262045B7B800C84CC1 /* TransactionViewController.swift */; };
		FDD5AA2A20464C5500C84CC1 /* Util.swift in Sources */ = {isa = PBXBuildFile; fileRef = FDD5AA2920464C5500C84CC1 /* Util.swift */; };
		FDD5AA2C2046882100C84CC1 /* UIColorExtension.swift in Sources */ = {isa = PBXBuildFile; fileRef = FDD5AA2B2046882100C84CC1 /* UIColorExtension.swift */; };
		FDD5AA30204689D000C84CC1 /* TransactionTableViewCell.swift in Sources */ = {isa = PBXBuildFile; fileRef = FDD5AA2F204689D000C84CC1 /* TransactionTableViewCell.swift */; };
		FDD5AA3320468A8700C84CC1 /* XDAGTransaction.swift in Sources */ = {isa = PBXBuildFile; fileRef = FDD5AA3220468A8700C84CC1 /* XDAGTransaction.swift */; };
		FDDFDDA42042805200B3D0DE /* AppDelegate.swift in Sources */ = {isa = PBXBuildFile; fileRef = FDDFDDA32042805200B3D0DE /* AppDelegate.swift */; };
		FDDFDDA62042805200B3D0DE /* HomeViewController.swift in Sources */ = {isa = PBXBuildFile; fileRef = FDDFDDA52042805200B3D0DE /* HomeViewController.swift */; };
		FDDFDDA82042805200B3D0DE /* ReceiveViewController.swift in Sources */ = {isa = PBXBuildFile; fileRef = FDDFDDA72042805200B3D0DE /* ReceiveViewController.swift */; };
		FDDFDDAB2042805200B3D0DE /* Main.storyboard in Resources */ = {isa = PBXBuildFile; fileRef = FDDFDDA92042805200B3D0DE /* Main.storyboard */; };
		FDDFDDAD2042805200B3D0DE /* Assets.xcassets in Resources */ = {isa = PBXBuildFile; fileRef = FDDFDDAC2042805200B3D0DE /* Assets.xcassets */; };
		FDDFDDB02042805200B3D0DE /* LaunchScreen.storyboard in Resources */ = {isa = PBXBuildFile; fileRef = FDDFDDAE2042805200B3D0DE /* LaunchScreen.storyboard */; };
		FDDFDDBB2042805200B3D0DE /* xdag_iosTests.swift in Sources */ = {isa = PBXBuildFile; fileRef = FDDFDDBA2042805200B3D0DE /* xdag_iosTests.swift */; };
		FDDFDDC62042805200B3D0DE /* xdag_iosUITests.swift in Sources */ = {isa = PBXBuildFile; fileRef = FDDFDDC52042805200B3D0DE /* xdag_iosUITests.swift */; };
		FDDFDDD62042B28900B3D0DE /* GuideViewController.swift in Sources */ = {isa = PBXBuildFile; fileRef = FDDFDDD52042B28900B3D0DE /* GuideViewController.swift */; };
/* End PBXBuildFile section */

/* Begin PBXContainerItemProxy section */
		FDDFDDB72042805200B3D0DE /* PBXContainerItemProxy */ = {
			isa = PBXContainerItemProxy;
			containerPortal = FDDFDD982042805200B3D0DE /* Project object */;
			proxyType = 1;
			remoteGlobalIDString = FDDFDD9F2042805200B3D0DE;
			remoteInfo = "xdag-ios";
		};
		FDDFDDC22042805200B3D0DE /* PBXContainerItemProxy */ = {
			isa = PBXContainerItemProxy;
			containerPortal = FDDFDD982042805200B3D0DE /* Project object */;
			proxyType = 1;
			remoteGlobalIDString = FDDFDD9F2042805200B3D0DE;
			remoteInfo = "xdag-ios";
		};
/* End PBXContainerItemProxy section */

/* Begin PBXFileReference section */
		1D9DAC25AEF9444ECA1E4466 /* Pods-xdag-ios.debug.xcconfig */ = {isa = PBXFileReference; includeInIndex = 1; lastKnownFileType = text.xcconfig; name = "Pods-xdag-ios.debug.xcconfig"; path = "Pods/Target Support Files/Pods-xdag-ios/Pods-xdag-ios.debug.xcconfig"; sourceTree = "<group>"; };
		25C83CF0A0B916236770A5D6 /* Pods_xdag_ios.framework */ = {isa = PBXFileReference; explicitFileType = wrapper.framework; includeInIndex = 0; path = Pods_xdag_ios.framework; sourceTree = BUILT_PRODUCTS_DIR; };
		269411DE1C7F71C64785342F /* Pods-xdag-ios.release.xcconfig */ = {isa = PBXFileReference; includeInIndex = 1; lastKnownFileType = text.xcconfig; name = "Pods-xdag-ios.release.xcconfig"; path = "Pods/Target Support Files/Pods-xdag-ios/Pods-xdag-ios.release.xcconfig"; sourceTree = "<group>"; };
		5FFCC02E74025E13401F7F38 /* Pods-xdag-iosTests.debug.xcconfig */ = {isa = PBXFileReference; includeInIndex = 1; lastKnownFileType = text.xcconfig; name = "Pods-xdag-iosTests.debug.xcconfig"; path = "Pods/Target Support Files/Pods-xdag-iosTests/Pods-xdag-iosTests.debug.xcconfig"; sourceTree = "<group>"; };
		665C85CB1872EB283EDC25CE /* Pods-xdag-iosTests.release.xcconfig */ = {isa = PBXFileReference; includeInIndex = 1; lastKnownFileType = text.xcconfig; name = "Pods-xdag-iosTests.release.xcconfig"; path = "Pods/Target Support Files/Pods-xdag-iosTests/Pods-xdag-iosTests.release.xcconfig"; sourceTree = "<group>"; };
		71D1D089D8D2B3DAEC804371 /* Pods-xdag-iosUITests.release.xcconfig */ = {isa = PBXFileReference; includeInIndex = 1; lastKnownFileType = text.xcconfig; name = "Pods-xdag-iosUITests.release.xcconfig"; path = "Pods/Target Support Files/Pods-xdag-iosUITests/Pods-xdag-iosUITests.release.xcconfig"; sourceTree = "<group>"; };
		B16B9CA38ADF1393659ED547 /* Pods_xdag_iosUITests.framework */ = {isa = PBXFileReference; explicitFileType = wrapper.framework; includeInIndex = 0; path = Pods_xdag_iosUITests.framework; sourceTree = BUILT_PRODUCTS_DIR; };
		B2B0194D1EE6B527C4E28409 /* Pods-xdag-iosUITests.debug.xcconfig */ = {isa = PBXFileReference; includeInIndex = 1; lastKnownFileType = text.xcconfig; name = "Pods-xdag-iosUITests.debug.xcconfig"; path = "Pods/Target Support Files/Pods-xdag-iosUITests/Pods-xdag-iosUITests.debug.xcconfig"; sourceTree = "<group>"; };
		F575BF24B3A94D152579D826 /* Pods_xdag_iosTests.framework */ = {isa = PBXFileReference; explicitFileType = wrapper.framework; includeInIndex = 0; path = Pods_xdag_iosTests.framework; sourceTree = BUILT_PRODUCTS_DIR; };
		FD0638BB20CE2B63009CC3A2 /* utils.h */ = {isa = PBXFileReference; fileEncoding = 4; lastKnownFileType = sourcecode.c.h; path = utils.h; sourceTree = "<group>"; };
		FD0638BC20CE2B63009CC3A2 /* utils.c */ = {isa = PBXFileReference; fileEncoding = 4; lastKnownFileType = sourcecode.c.c; path = utils.c; sourceTree = "<group>"; };
		FD07F7CB204D081700BE86B9 /* SwiftNotice.swift */ = {isa = PBXFileReference; fileEncoding = 4; lastKnownFileType = sourcecode.swift; path = SwiftNotice.swift; sourceTree = "<group>"; };
		FD07F7CD204E6D1700BE86B9 /* SettingViewController.swift */ = {isa = PBXFileReference; lastKnownFileType = sourcecode.swift; path = SettingViewController.swift; sourceTree = "<group>"; };
		FD209CFD21231EAD00CD4080 /* Router.swift */ = {isa = PBXFileReference; lastKnownFileType = sourcecode.swift; path = Router.swift; sourceTree = "<group>"; };
		FD209CFF21231F7200CD4080 /* ServiceApi.swift */ = {isa = PBXFileReference; lastKnownFileType = sourcecode.swift; path = ServiceApi.swift; sourceTree = "<group>"; };
		FD209D042124782500CD4080 /* PasswordInputView.swift */ = {isa = PBXFileReference; fileEncoding = 4; lastKnownFileType = sourcecode.swift; path = PasswordInputView.swift; sourceTree = "<group>"; };
		FD209D052124782500CD4080 /* PasswordContainerView.swift */ = {isa = PBXFileReference; fileEncoding = 4; lastKnownFileType = sourcecode.swift; path = PasswordContainerView.swift; sourceTree = "<group>"; };
		FD209D062124782500CD4080 /* PasswordDotView.swift */ = {isa = PBXFileReference; fileEncoding = 4; lastKnownFileType = sourcecode.swift; path = PasswordDotView.swift; sourceTree = "<group>"; };
		FD209D072124782500CD4080 /* PasswordUIValidation.swift */ = {isa = PBXFileReference; fileEncoding = 4; lastKnownFileType = sourcecode.swift; path = PasswordUIValidation.swift; sourceTree = "<group>"; };
		FD209D092124782500CD4080 /* PasswordContainerView.xib */ = {isa = PBXFileReference; fileEncoding = 4; lastKnownFileType = file.xib; path = PasswordContainerView.xib; sourceTree = "<group>"; };
		FD209D0A2124782500CD4080 /* Assets.xcassets */ = {isa = PBXFileReference; lastKnownFileType = folder.assetcatalog; path = Assets.xcassets; sourceTree = "<group>"; };
		FD209D112124F10F00CD4080 /* PasswordViewController.swift */ = {isa = PBXFileReference; lastKnownFileType = sourcecode.swift; path = PasswordViewController.swift; sourceTree = "<group>"; };
		FD209D162125C2D600CD4080 /* Keychain.swift */ = {isa = PBXFileReference; lastKnownFileType = sourcecode.swift; path = Keychain.swift; sourceTree = "<group>"; };
		FD8ACE4D2132BEAC00ED84AE /* BackupViewController.swift */ = {isa = PBXFileReference; lastKnownFileType = sourcecode.swift; path = BackupViewController.swift; sourceTree = "<group>"; };
		FD9043C320CE0AD1008B9D6A /* XdagEvent.swift */ = {isa = PBXFileReference; lastKnownFileType = sourcecode.swift; path = XdagEvent.swift; sourceTree = "<group>"; };
		FDA5552D20A1E4E000173691 /* FSOpenSSL.h */ = {isa = PBXFileReference; fileEncoding = 4; lastKnownFileType = sourcecode.c.h; path = FSOpenSSL.h; sourceTree = "<group>"; };
		FDA5552F20A1E4E000173691 /* opensslconf-template.h */ = {isa = PBXFileReference; fileEncoding = 4; lastKnownFileType = sourcecode.c.h; path = "opensslconf-template.h"; sourceTree = "<group>"; };
		FDA5553120A1E4E000173691 /* pem2.h */ = {isa = PBXFileReference; fileEncoding = 4; lastKnownFileType = sourcecode.c.h; path = pem2.h; sourceTree = "<group>"; };
		FDA5553220A1E4E000173691 /* pem.h */ = {isa = PBXFileReference; fileEncoding = 4; lastKnownFileType = sourcecode.c.h; path = pem.h; sourceTree = "<group>"; };
		FDA5553320A1E4E000173691 /* ssl3.h */ = {isa = PBXFileReference; fileEncoding = 4; lastKnownFileType = sourcecode.c.h; path = ssl3.h; sourceTree = "<group>"; };
		FDA5553420A1E4E000173691 /* ossl_typ.h */ = {isa = PBXFileReference; fileEncoding = 4; lastKnownFileType = sourcecode.c.h; path = ossl_typ.h; sourceTree = "<group>"; };
		FDA5553520A1E4E000173691 /* dtls1.h */ = {isa = PBXFileReference; fileEncoding = 4; lastKnownFileType = sourcecode.c.h; path = dtls1.h; sourceTree = "<group>"; };
		FDA5553620A1E4E000173691 /* err.h */ = {isa = PBXFileReference; fileEncoding = 4; lastKnownFileType = sourcecode.c.h; path = err.h; sourceTree = "<group>"; };
		FDA5553720A1E4E000173691 /* bn.h */ = {isa = PBXFileReference; fileEncoding = 4; lastKnownFileType = sourcecode.c.h; path = bn.h; sourceTree = "<group>"; };
		FDA5553820A1E4E000173691 /* blowfish.h */ = {isa = PBXFileReference; fileEncoding = 4; lastKnownFileType = sourcecode.c.h; path = blowfish.h; sourceTree = "<group>"; };
		FDA5553920A1E4E000173691 /* cms.h */ = {isa = PBXFileReference; fileEncoding = 4; lastKnownFileType = sourcecode.c.h; path = cms.h; sourceTree = "<group>"; };
		FDA5553A20A1E4E000173691 /* engine.h */ = {isa = PBXFileReference; fileEncoding = 4; lastKnownFileType = sourcecode.c.h; path = engine.h; sourceTree = "<group>"; };
		FDA5553B20A1E4E000173691 /* conf_api.h */ = {isa = PBXFileReference; fileEncoding = 4; lastKnownFileType = sourcecode.c.h; path = conf_api.h; sourceTree = "<group>"; };
		FDA5553C20A1E4E000173691 /* x509.h */ = {isa = PBXFileReference; fileEncoding = 4; lastKnownFileType = sourcecode.c.h; path = x509.h; sourceTree = "<group>"; };
		FDA5553D20A1E4E000173691 /* asn1_mac.h */ = {isa = PBXFileReference; fileEncoding = 4; lastKnownFileType = sourcecode.c.h; path = asn1_mac.h; sourceTree = "<group>"; };
		FDA5553E20A1E4E000173691 /* opensslconf_ios_x86_64.h */ = {isa = PBXFileReference; fileEncoding = 4; lastKnownFileType = sourcecode.c.h; path = opensslconf_ios_x86_64.h; sourceTree = "<group>"; };
		FDA5553F20A1E4E000173691 /* ui.h */ = {isa = PBXFileReference; fileEncoding = 4; lastKnownFileType = sourcecode.c.h; path = ui.h; sourceTree = "<group>"; };
		FDA5554020A1E4E000173691 /* kssl.h */ = {isa = PBXFileReference; fileEncoding = 4; lastKnownFileType = sourcecode.c.h; path = kssl.h; sourceTree = "<group>"; };
		FDA5554120A1E4E000173691 /* opensslconf_tvos_x86_64.h */ = {isa = PBXFileReference; fileEncoding = 4; lastKnownFileType = sourcecode.c.h; path = opensslconf_tvos_x86_64.h; sourceTree = "<group>"; };
		FDA5554220A1E4E000173691 /* opensslconf_ios_armv7s.h */ = {isa = PBXFileReference; fileEncoding = 4; lastKnownFileType = sourcecode.c.h; path = opensslconf_ios_armv7s.h; sourceTree = "<group>"; };
		FDA5554320A1E4E000173691 /* sha.h */ = {isa = PBXFileReference; fileEncoding = 4; lastKnownFileType = sourcecode.c.h; path = sha.h; sourceTree = "<group>"; };
		FDA5554420A1E4E000173691 /* symhacks.h */ = {isa = PBXFileReference; fileEncoding = 4; lastKnownFileType = sourcecode.c.h; path = symhacks.h; sourceTree = "<group>"; };
		FDA5554520A1E4E000173691 /* asn1.h */ = {isa = PBXFileReference; fileEncoding = 4; lastKnownFileType = sourcecode.c.h; path = asn1.h; sourceTree = "<group>"; };
		FDA5554620A1E4E000173691 /* opensslconf.h */ = {isa = PBXFileReference; fileEncoding = 4; lastKnownFileType = sourcecode.c.h; path = opensslconf.h; sourceTree = "<group>"; };
		FDA5554720A1E4E000173691 /* opensslconf_ios_i386.h */ = {isa = PBXFileReference; fileEncoding = 4; lastKnownFileType = sourcecode.c.h; path = opensslconf_ios_i386.h; sourceTree = "<group>"; };
		FDA5554820A1E4E000173691 /* bio.h */ = {isa = PBXFileReference; fileEncoding = 4; lastKnownFileType = sourcecode.c.h; path = bio.h; sourceTree = "<group>"; };
		FDA5554920A1E4E000173691 /* rc2.h */ = {isa = PBXFileReference; fileEncoding = 4; lastKnownFileType = sourcecode.c.h; path = rc2.h; sourceTree = "<group>"; };
		FDA5554A20A1E4E000173691 /* dh.h */ = {isa = PBXFileReference; fileEncoding = 4; lastKnownFileType = sourcecode.c.h; path = dh.h; sourceTree = "<group>"; };
		FDA5554B20A1E4E000173691 /* ui_compat.h */ = {isa = PBXFileReference; fileEncoding = 4; lastKnownFileType = sourcecode.c.h; path = ui_compat.h; sourceTree = "<group>"; };
		FDA5554C20A1E4E000173691 /* x509v3.h */ = {isa = PBXFileReference; fileEncoding = 4; lastKnownFileType = sourcecode.c.h; path = x509v3.h; sourceTree = "<group>"; };
		FDA5554D20A1E4E000173691 /* ssl23.h */ = {isa = PBXFileReference; fileEncoding = 4; lastKnownFileType = sourcecode.c.h; path = ssl23.h; sourceTree = "<group>"; };
		FDA5554E20A1E4E000173691 /* conf.h */ = {isa = PBXFileReference; fileEncoding = 4; lastKnownFileType = sourcecode.c.h; path = conf.h; sourceTree = "<group>"; };
		FDA5554F20A1E4E000173691 /* md5.h */ = {isa = PBXFileReference; fileEncoding = 4; lastKnownFileType = sourcecode.c.h; path = md5.h; sourceTree = "<group>"; };
		FDA5555020A1E4E000173691 /* x509_vfy.h */ = {isa = PBXFileReference; fileEncoding = 4; lastKnownFileType = sourcecode.c.h; path = x509_vfy.h; sourceTree = "<group>"; };
		FDA5555120A1E4E000173691 /* txt_db.h */ = {isa = PBXFileReference; fileEncoding = 4; lastKnownFileType = sourcecode.c.h; path = txt_db.h; sourceTree = "<group>"; };
		FDA5555220A1E4E000173691 /* safestack.h */ = {isa = PBXFileReference; fileEncoding = 4; lastKnownFileType = sourcecode.c.h; path = safestack.h; sourceTree = "<group>"; };
		FDA5555320A1E4E000173691 /* ecdsa.h */ = {isa = PBXFileReference; fileEncoding = 4; lastKnownFileType = sourcecode.c.h; path = ecdsa.h; sourceTree = "<group>"; };
		FDA5555420A1E4E000173691 /* objects.h */ = {isa = PBXFileReference; fileEncoding = 4; lastKnownFileType = sourcecode.c.h; path = objects.h; sourceTree = "<group>"; };
		FDA5555520A1E4E000173691 /* pkcs12.h */ = {isa = PBXFileReference; fileEncoding = 4; lastKnownFileType = sourcecode.c.h; path = pkcs12.h; sourceTree = "<group>"; };
		FDA5555620A1E4E000173691 /* crypto.h */ = {isa = PBXFileReference; fileEncoding = 4; lastKnownFileType = sourcecode.c.h; path = crypto.h; sourceTree = "<group>"; };
		FDA5555720A1E4E000173691 /* opensslv.h */ = {isa = PBXFileReference; fileEncoding = 4; lastKnownFileType = sourcecode.c.h; path = opensslv.h; sourceTree = "<group>"; };
		FDA5555820A1E4E000173691 /* pkcs7.h */ = {isa = PBXFileReference; fileEncoding = 4; lastKnownFileType = sourcecode.c.h; path = pkcs7.h; sourceTree = "<group>"; };
		FDA5555920A1E4E000173691 /* obj_mac.h */ = {isa = PBXFileReference; fileEncoding = 4; lastKnownFileType = sourcecode.c.h; path = obj_mac.h; sourceTree = "<group>"; };
		FDA5555A20A1E4E000173691 /* buffer.h */ = {isa = PBXFileReference; fileEncoding = 4; lastKnownFileType = sourcecode.c.h; path = buffer.h; sourceTree = "<group>"; };
		FDA5555B20A1E4E000173691 /* ssl.h */ = {isa = PBXFileReference; fileEncoding = 4; lastKnownFileType = sourcecode.c.h; path = ssl.h; sourceTree = "<group>"; };
		FDA5555C20A1E4E000173691 /* srp.h */ = {isa = PBXFileReference; fileEncoding = 4; lastKnownFileType = sourcecode.c.h; path = srp.h; sourceTree = "<group>"; };
		FDA5555D20A1E4E000173691 /* camellia.h */ = {isa = PBXFileReference; fileEncoding = 4; lastKnownFileType = sourcecode.c.h; path = camellia.h; sourceTree = "<group>"; };
		FDA5555E20A1E4E000173691 /* opensslconf_ios_arm64.h */ = {isa = PBXFileReference; fileEncoding = 4; lastKnownFileType = sourcecode.c.h; path = opensslconf_ios_arm64.h; sourceTree = "<group>"; };
		FDA5555F20A1E4E000173691 /* evp.h */ = {isa = PBXFileReference; fileEncoding = 4; lastKnownFileType = sourcecode.c.h; path = evp.h; sourceTree = "<group>"; };
		FDA5556020A1E4E000173691 /* e_os2.h */ = {isa = PBXFileReference; fileEncoding = 4; lastKnownFileType = sourcecode.c.h; path = e_os2.h; sourceTree = "<group>"; };
		FDA5556120A1E4E000173691 /* md4.h */ = {isa = PBXFileReference; fileEncoding = 4; lastKnownFileType = sourcecode.c.h; path = md4.h; sourceTree = "<group>"; };
		FDA5556220A1E4E000173691 /* hmac.h */ = {isa = PBXFileReference; fileEncoding = 4; lastKnownFileType = sourcecode.c.h; path = hmac.h; sourceTree = "<group>"; };
		FDA5556320A1E4E000173691 /* aes.h */ = {isa = PBXFileReference; fileEncoding = 4; lastKnownFileType = sourcecode.c.h; path = aes.h; sourceTree = "<group>"; };
		FDA5556420A1E4E000173691 /* comp.h */ = {isa = PBXFileReference; fileEncoding = 4; lastKnownFileType = sourcecode.c.h; path = comp.h; sourceTree = "<group>"; };
		FDA5556520A1E4E000173691 /* cast.h */ = {isa = PBXFileReference; fileEncoding = 4; lastKnownFileType = sourcecode.c.h; path = cast.h; sourceTree = "<group>"; };
		FDA5556620A1E4E000173691 /* rc4.h */ = {isa = PBXFileReference; fileEncoding = 4; lastKnownFileType = sourcecode.c.h; path = rc4.h; sourceTree = "<group>"; };
		FDA5556720A1E4E000173691 /* stack.h */ = {isa = PBXFileReference; fileEncoding = 4; lastKnownFileType = sourcecode.c.h; path = stack.h; sourceTree = "<group>"; };
		FDA5556820A1E4E000173691 /* des.h */ = {isa = PBXFileReference; fileEncoding = 4; lastKnownFileType = sourcecode.c.h; path = des.h; sourceTree = "<group>"; };
		FDA5556920A1E4E000173691 /* ocsp.h */ = {isa = PBXFileReference; fileEncoding = 4; lastKnownFileType = sourcecode.c.h; path = ocsp.h; sourceTree = "<group>"; };
		FDA5556A20A1E4E000173691 /* ec.h */ = {isa = PBXFileReference; fileEncoding = 4; lastKnownFileType = sourcecode.c.h; path = ec.h; sourceTree = "<group>"; };
		FDA5556B20A1E4E000173691 /* ecdh.h */ = {isa = PBXFileReference; fileEncoding = 4; lastKnownFileType = sourcecode.c.h; path = ecdh.h; sourceTree = "<group>"; };
		FDA5556C20A1E4E000173691 /* rand.h */ = {isa = PBXFileReference; fileEncoding = 4; lastKnownFileType = sourcecode.c.h; path = rand.h; sourceTree = "<group>"; };
		FDA5556D20A1E4E000173691 /* opensslconf_ios_armv7.h */ = {isa = PBXFileReference; fileEncoding = 4; lastKnownFileType = sourcecode.c.h; path = opensslconf_ios_armv7.h; sourceTree = "<group>"; };
		FDA5556E20A1E4E000173691 /* opensslconf_tvos_arm64.h */ = {isa = PBXFileReference; fileEncoding = 4; lastKnownFileType = sourcecode.c.h; path = opensslconf_tvos_arm64.h; sourceTree = "<group>"; };
		FDA5556F20A1E4E000173691 /* ts.h */ = {isa = PBXFileReference; fileEncoding = 4; lastKnownFileType = sourcecode.c.h; path = ts.h; sourceTree = "<group>"; };
		FDA5557020A1E4E000173691 /* pqueue.h */ = {isa = PBXFileReference; fileEncoding = 4; lastKnownFileType = sourcecode.c.h; path = pqueue.h; sourceTree = "<group>"; };
		FDA5557120A1E4E000173691 /* dso.h */ = {isa = PBXFileReference; fileEncoding = 4; lastKnownFileType = sourcecode.c.h; path = dso.h; sourceTree = "<group>"; };
		FDA5557220A1E4E000173691 /* seed.h */ = {isa = PBXFileReference; fileEncoding = 4; lastKnownFileType = sourcecode.c.h; path = seed.h; sourceTree = "<group>"; };
		FDA5557320A1E4E000173691 /* modes.h */ = {isa = PBXFileReference; fileEncoding = 4; lastKnownFileType = sourcecode.c.h; path = modes.h; sourceTree = "<group>"; };
		FDA5557420A1E4E000173691 /* ssl2.h */ = {isa = PBXFileReference; fileEncoding = 4; lastKnownFileType = sourcecode.c.h; path = ssl2.h; sourceTree = "<group>"; };
		FDA5557520A1E4E000173691 /* rsa.h */ = {isa = PBXFileReference; fileEncoding = 4; lastKnownFileType = sourcecode.c.h; path = rsa.h; sourceTree = "<group>"; };
		FDA5557620A1E4E000173691 /* krb5_asn.h */ = {isa = PBXFileReference; fileEncoding = 4; lastKnownFileType = sourcecode.c.h; path = krb5_asn.h; sourceTree = "<group>"; };
		FDA5557720A1E4E000173691 /* des_old.h */ = {isa = PBXFileReference; fileEncoding = 4; lastKnownFileType = sourcecode.c.h; path = des_old.h; sourceTree = "<group>"; };
		FDA5557820A1E4E000173691 /* ripemd.h */ = {isa = PBXFileReference; fileEncoding = 4; lastKnownFileType = sourcecode.c.h; path = ripemd.h; sourceTree = "<group>"; };
		FDA5557920A1E4E000173691 /* whrlpool.h */ = {isa = PBXFileReference; fileEncoding = 4; lastKnownFileType = sourcecode.c.h; path = whrlpool.h; sourceTree = "<group>"; };
		FDA5557A20A1E4E000173691 /* tls1.h */ = {isa = PBXFileReference; fileEncoding = 4; lastKnownFileType = sourcecode.c.h; path = tls1.h; sourceTree = "<group>"; };
		FDA5557B20A1E4E000173691 /* mdc2.h */ = {isa = PBXFileReference; fileEncoding = 4; lastKnownFileType = sourcecode.c.h; path = mdc2.h; sourceTree = "<group>"; };
		FDA5557C20A1E4E000173691 /* dsa.h */ = {isa = PBXFileReference; fileEncoding = 4; lastKnownFileType = sourcecode.c.h; path = dsa.h; sourceTree = "<group>"; };
		FDA5557D20A1E4E000173691 /* srtp.h */ = {isa = PBXFileReference; fileEncoding = 4; lastKnownFileType = sourcecode.c.h; path = srtp.h; sourceTree = "<group>"; };
		FDA5557E20A1E4E000173691 /* asn1t.h */ = {isa = PBXFileReference; fileEncoding = 4; lastKnownFileType = sourcecode.c.h; path = asn1t.h; sourceTree = "<group>"; };
		FDA5557F20A1E4E000173691 /* cmac.h */ = {isa = PBXFileReference; fileEncoding = 4; lastKnownFileType = sourcecode.c.h; path = cmac.h; sourceTree = "<group>"; };
		FDA5558020A1E4E000173691 /* ebcdic.h */ = {isa = PBXFileReference; fileEncoding = 4; lastKnownFileType = sourcecode.c.h; path = ebcdic.h; sourceTree = "<group>"; };
		FDA5558120A1E4E000173691 /* idea.h */ = {isa = PBXFileReference; fileEncoding = 4; lastKnownFileType = sourcecode.c.h; path = idea.h; sourceTree = "<group>"; };
		FDA5558220A1E4E000173691 /* lhash.h */ = {isa = PBXFileReference; fileEncoding = 4; lastKnownFileType = sourcecode.c.h; path = lhash.h; sourceTree = "<group>"; };
		FDA5558320A1E4E000173691 /* FSOpenSSL.m */ = {isa = PBXFileReference; fileEncoding = 4; lastKnownFileType = sourcecode.c.objc; path = FSOpenSSL.m; sourceTree = "<group>"; };
		FDA5558520A1E4E000173691 /* libcrypto.a */ = {isa = PBXFileReference; lastKnownFileType = archive.ar; path = libcrypto.a; sourceTree = "<group>"; };
		FDA5558620A1E4E000173691 /* libssl.a */ = {isa = PBXFileReference; lastKnownFileType = archive.ar; path = libssl.a; sourceTree = "<group>"; };
		FDA555EF20A1E8E300173691 /* xdag-Bridging-Header.h */ = {isa = PBXFileReference; lastKnownFileType = sourcecode.c.h; path = "xdag-Bridging-Header.h"; sourceTree = "<group>"; };
		FDA555F620A1F2BF00173691 /* CString.swift */ = {isa = PBXFileReference; lastKnownFileType = sourcecode.swift; path = CString.swift; sourceTree = "<group>"; };
		FDA7E43220556A0400A914B1 /* AVCaptureSessionManager.swift */ = {isa = PBXFileReference; lastKnownFileType = sourcecode.swift; path = AVCaptureSessionManager.swift; sourceTree = "<group>"; };
		FDA7E4342055713000A914B1 /* AppPermissions.swift */ = {isa = PBXFileReference; lastKnownFileType = sourcecode.swift; path = AppPermissions.swift; sourceTree = "<group>"; };
		FDA7E436205D18BC00A914B1 /* ScanViewController.swift */ = {isa = PBXFileReference; lastKnownFileType = sourcecode.swift; path = ScanViewController.swift; sourceTree = "<group>"; };
		FDA7E438205D1FA900A914B1 /* SendTransactionController.swift */ = {isa = PBXFileReference; lastKnownFileType = sourcecode.swift; path = SendTransactionController.swift; sourceTree = "<group>"; };
		FDA7E43A205D2BE800A914B1 /* XDagQuerySerialization.swift */ = {isa = PBXFileReference; lastKnownFileType = sourcecode.swift; path = XDagQuerySerialization.swift; sourceTree = "<group>"; };
		FDCF1D6320C81FC90049C3CC /* list.h */ = {isa = PBXFileReference; fileEncoding = 4; lastKnownFileType = sourcecode.c.h; path = list.h; sourceTree = "<group>"; };
		FDCF1D6420C81FC90049C3CC /* rbtree.h */ = {isa = PBXFileReference; fileEncoding = 4; lastKnownFileType = sourcecode.c.h; path = rbtree.h; sourceTree = "<group>"; };
		FDCF1D6520C81FC90049C3CC /* atomic.h */ = {isa = PBXFileReference; fileEncoding = 4; lastKnownFileType = sourcecode.c.h; path = atomic.h; sourceTree = "<group>"; };
		FDCF1D6720C81FC90049C3CC /* dfsrsa.c */ = {isa = PBXFileReference; fileEncoding = 4; lastKnownFileType = sourcecode.c.c; path = dfsrsa.c; sourceTree = "<group>"; };
		FDCF1D6820C81FC90049C3CC /* crc.h */ = {isa = PBXFileReference; fileEncoding = 4; lastKnownFileType = sourcecode.c.h; path = crc.h; sourceTree = "<group>"; };
		FDCF1D6920C81FC90049C3CC /* crc_c.c */ = {isa = PBXFileReference; fileEncoding = 4; lastKnownFileType = sourcecode.c.c; path = crc_c.c; sourceTree = "<group>"; };
		FDCF1D6A20C81FC90049C3CC /* dfslib_string.h */ = {isa = PBXFileReference; fileEncoding = 4; lastKnownFileType = sourcecode.c.h; path = dfslib_string.h; sourceTree = "<group>"; };
		FDCF1D6B20C81FC90049C3CC /* dfslib_crypt.h */ = {isa = PBXFileReference; fileEncoding = 4; lastKnownFileType = sourcecode.c.h; path = dfslib_crypt.h; sourceTree = "<group>"; };
		FDCF1D6C20C81FC90049C3CC /* dfslib_random.h */ = {isa = PBXFileReference; fileEncoding = 4; lastKnownFileType = sourcecode.c.h; path = dfslib_random.h; sourceTree = "<group>"; };
		FDCF1D6D20C81FC90049C3CC /* dfsrsa.h */ = {isa = PBXFileReference; fileEncoding = 4; lastKnownFileType = sourcecode.c.h; path = dfsrsa.h; sourceTree = "<group>"; };
		FDCF1D6E20C81FC90049C3CC /* dfslib_types.h */ = {isa = PBXFileReference; fileEncoding = 4; lastKnownFileType = sourcecode.c.h; path = dfslib_types.h; sourceTree = "<group>"; };
		FDCF1D6F20C81FC90049C3CC /* dfslib_crypt.c */ = {isa = PBXFileReference; fileEncoding = 4; lastKnownFileType = sourcecode.c.c; path = dfslib_crypt.c; sourceTree = "<group>"; };
		FDCF1D7020C81FC90049C3CC /* dfslib_random.c */ = {isa = PBXFileReference; fileEncoding = 4; lastKnownFileType = sourcecode.c.c; path = dfslib_random.c; sourceTree = "<group>"; };
		FDCF1D7120C81FC90049C3CC /* dfslib_string.c */ = {isa = PBXFileReference; fileEncoding = 4; lastKnownFileType = sourcecode.c.c; path = dfslib_string.c; sourceTree = "<group>"; };
		FDCF1D7320C81FC90049C3CC /* xdagmain.c */ = {isa = PBXFileReference; fileEncoding = 4; lastKnownFileType = sourcecode.c.c; path = xdagmain.c; sourceTree = "<group>"; };
		FDCF1D7420C81FC90049C3CC /* log.c */ = {isa = PBXFileReference; fileEncoding = 4; lastKnownFileType = sourcecode.c.c; path = log.c; sourceTree = "<group>"; };
		FDCF1D7520C81FC90049C3CC /* crypt.c */ = {isa = PBXFileReference; fileEncoding = 4; lastKnownFileType = sourcecode.c.c; path = crypt.c; sourceTree = "<group>"; };
		FDCF1D7620C81FC90049C3CC /* transport.c */ = {isa = PBXFileReference; fileEncoding = 4; lastKnownFileType = sourcecode.c.c; path = transport.c; sourceTree = "<group>"; };
		FDCF1D7720C81FC90049C3CC /* version.h */ = {isa = PBXFileReference; fileEncoding = 4; lastKnownFileType = sourcecode.c.h; path = version.h; sourceTree = "<group>"; };
		FDCF1D7820C81FC90049C3CC /* netdb.c */ = {isa = PBXFileReference; fileEncoding = 4; lastKnownFileType = sourcecode.c.c; path = netdb.c; sourceTree = "<group>"; };
		FDCF1D7920C81FC90049C3CC /* pool.h */ = {isa = PBXFileReference; fileEncoding = 4; lastKnownFileType = sourcecode.c.h; path = pool.h; sourceTree = "<group>"; };
		FDCF1D7A20C81FC90049C3CC /* block.c */ = {isa = PBXFileReference; fileEncoding = 4; lastKnownFileType = sourcecode.c.c; path = block.c; sourceTree = "<group>"; };
		FDCF1D7B20C81FC90049C3CC /* memory.c */ = {isa = PBXFileReference; fileEncoding = 4; lastKnownFileType = sourcecode.c.c; path = memory.c; sourceTree = "<group>"; };
		FDCF1D7C20C81FC90049C3CC /* wallet.c */ = {isa = PBXFileReference; fileEncoding = 4; lastKnownFileType = sourcecode.c.c; path = wallet.c; sourceTree = "<group>"; };
		FDCF1D7D20C81FC90049C3CC /* sync.h */ = {isa = PBXFileReference; fileEncoding = 4; lastKnownFileType = sourcecode.c.h; path = sync.h; sourceTree = "<group>"; };
		FDCF1D7E20C81FC90049C3CC /* storage.c */ = {isa = PBXFileReference; fileEncoding = 4; lastKnownFileType = sourcecode.c.c; path = storage.c; sourceTree = "<group>"; };
		FDCF1D7F20C81FC90049C3CC /* netdb-white-testnet.txt */ = {isa = PBXFileReference; fileEncoding = 4; lastKnownFileType = text; path = "netdb-white-testnet.txt"; sourceTree = "<group>"; };
		FDCF1D8020C81FC90049C3CC /* address.h */ = {isa = PBXFileReference; fileEncoding = 4; lastKnownFileType = sourcecode.c.h; path = address.h; sourceTree = "<group>"; };
		FDCF1D8120C81FC90049C3CC /* sha256.h */ = {isa = PBXFileReference; fileEncoding = 4; lastKnownFileType = sourcecode.c.h; path = sha256.h; sourceTree = "<group>"; };
		FDCF1D8220C81FC90049C3CC /* netdb.txt */ = {isa = PBXFileReference; fileEncoding = 4; lastKnownFileType = text; path = netdb.txt; sourceTree = "<group>"; };
		FDCF1D8320C81FC90049C3CC /* hash.c */ = {isa = PBXFileReference; fileEncoding = 4; lastKnownFileType = sourcecode.c.c; path = hash.c; sourceTree = "<group>"; };
		FDCF1D8420C81FC90049C3CC /* crypt.h */ = {isa = PBXFileReference; fileEncoding = 4; lastKnownFileType = sourcecode.c.h; path = crypt.h; sourceTree = "<group>"; };
		FDCF1D8520C81FC90049C3CC /* xdagmain.h */ = {isa = PBXFileReference; fileEncoding = 4; lastKnownFileType = sourcecode.c.h; path = xdagmain.h; sourceTree = "<group>"; };
		FDCF1D8620C81FC90049C3CC /* log.h */ = {isa = PBXFileReference; fileEncoding = 4; lastKnownFileType = sourcecode.c.h; path = log.h; sourceTree = "<group>"; };
		FDCF1D8720C81FC90049C3CC /* storage.h */ = {isa = PBXFileReference; fileEncoding = 4; lastKnownFileType = sourcecode.c.h; path = storage.h; sourceTree = "<group>"; };
		FDCF1D8820C81FC90049C3CC /* sync.c */ = {isa = PBXFileReference; fileEncoding = 4; lastKnownFileType = sourcecode.c.c; path = sync.c; sourceTree = "<group>"; };
		FDCF1D8920C81FC90049C3CC /* wallet.h */ = {isa = PBXFileReference; fileEncoding = 4; lastKnownFileType = sourcecode.c.h; path = wallet.h; sourceTree = "<group>"; };
		FDCF1D8A20C81FC90049C3CC /* block.h */ = {isa = PBXFileReference; fileEncoding = 4; lastKnownFileType = sourcecode.c.h; path = block.h; sourceTree = "<group>"; };
		FDCF1D8B20C81FC90049C3CC /* pool.c */ = {isa = PBXFileReference; fileEncoding = 4; lastKnownFileType = sourcecode.c.c; path = pool.c; sourceTree = "<group>"; };
		FDCF1D8C20C81FC90049C3CC /* netdb.h */ = {isa = PBXFileReference; fileEncoding = 4; lastKnownFileType = sourcecode.c.h; path = netdb.h; sourceTree = "<group>"; };
		FDCF1D8D20C81FC90049C3CC /* transport.h */ = {isa = PBXFileReference; fileEncoding = 4; lastKnownFileType = sourcecode.c.h; path = transport.h; sourceTree = "<group>"; };
		FDCF1D8E20C81FC90049C3CC /* memory.h */ = {isa = PBXFileReference; fileEncoding = 4; lastKnownFileType = sourcecode.c.h; path = memory.h; sourceTree = "<group>"; };
		FDCF1D8F20C81FC90049C3CC /* sha256.c */ = {isa = PBXFileReference; fileEncoding = 4; lastKnownFileType = sourcecode.c.c; path = sha256.c; sourceTree = "<group>"; };
		FDCF1D9020C81FC90049C3CC /* system.h */ = {isa = PBXFileReference; fileEncoding = 4; lastKnownFileType = sourcecode.c.h; path = system.h; sourceTree = "<group>"; };
		FDCF1D9120C81FC90049C3CC /* netdb-testnet.txt */ = {isa = PBXFileReference; fileEncoding = 4; lastKnownFileType = text; path = "netdb-testnet.txt"; sourceTree = "<group>"; };
		FDCF1D9220C81FC90049C3CC /* address.c */ = {isa = PBXFileReference; fileEncoding = 4; lastKnownFileType = sourcecode.c.c; path = address.c; sourceTree = "<group>"; };
		FDCF1D9320C81FC90049C3CC /* state.h */ = {isa = PBXFileReference; fileEncoding = 4; lastKnownFileType = sourcecode.c.h; path = state.h; sourceTree = "<group>"; };
		FDCF1D9420C81FC90049C3CC /* hash.h */ = {isa = PBXFileReference; fileEncoding = 4; lastKnownFileType = sourcecode.c.h; path = hash.h; sourceTree = "<group>"; };
		FDCF1D9520C81FC90049C3CC /* statsdaemon.c */ = {isa = PBXFileReference; fileEncoding = 4; lastKnownFileType = sourcecode.c.c; path = statsdaemon.c; sourceTree = "<group>"; };
		FDCF1D9620C81FC90049C3CC /* netdb-white.txt */ = {isa = PBXFileReference; fileEncoding = 4; lastKnownFileType = text; path = "netdb-white.txt"; sourceTree = "<group>"; };
		FDCF1D9820C81FC90049C3CC /* dnet_log.h */ = {isa = PBXFileReference; fileEncoding = 4; lastKnownFileType = sourcecode.c.h; path = dnet_log.h; sourceTree = "<group>"; };
		FDCF1D9920C81FC90049C3CC /* dnet_threads.c */ = {isa = PBXFileReference; fileEncoding = 4; lastKnownFileType = sourcecode.c.c; path = dnet_threads.c; sourceTree = "<group>"; };
		FDCF1D9A20C81FC90049C3CC /* dnet_files.c */ = {isa = PBXFileReference; fileEncoding = 4; lastKnownFileType = sourcecode.c.c; path = dnet_files.c; sourceTree = "<group>"; };
		FDCF1D9B20C81FC90049C3CC /* dnet_stream.c */ = {isa = PBXFileReference; fileEncoding = 4; lastKnownFileType = sourcecode.c.c; path = dnet_stream.c; sourceTree = "<group>"; };
		FDCF1D9C20C81FC90049C3CC /* dnet_connection.h */ = {isa = PBXFileReference; fileEncoding = 4; lastKnownFileType = sourcecode.c.h; path = dnet_connection.h; sourceTree = "<group>"; };
		FDCF1D9D20C81FC90049C3CC /* dnet_database.h */ = {isa = PBXFileReference; fileEncoding = 4; lastKnownFileType = sourcecode.c.h; path = dnet_database.h; sourceTree = "<group>"; };
		FDCF1D9E20C81FC90049C3CC /* dnet_command.h */ = {isa = PBXFileReference; fileEncoding = 4; lastKnownFileType = sourcecode.c.h; path = dnet_command.h; sourceTree = "<group>"; };
		FDCF1D9F20C81FC90049C3CC /* dnet_tap.h */ = {isa = PBXFileReference; fileEncoding = 4; lastKnownFileType = sourcecode.c.h; path = dnet_tap.h; sourceTree = "<group>"; };
		FDCF1DA020C81FC90049C3CC /* dnet_history.h */ = {isa = PBXFileReference; fileEncoding = 4; lastKnownFileType = sourcecode.c.h; path = dnet_history.h; sourceTree = "<group>"; };
		FDCF1DA120C81FC90049C3CC /* dnet_crypt.c */ = {isa = PBXFileReference; fileEncoding = 4; lastKnownFileType = sourcecode.c.c; path = dnet_crypt.c; sourceTree = "<group>"; };
		FDCF1DA220C81FC90049C3CC /* dnet_main.c */ = {isa = PBXFileReference; fileEncoding = 4; lastKnownFileType = sourcecode.c.c; path = dnet_main.c; sourceTree = "<group>"; };
		FDCF1DA320C81FC90049C3CC /* dnet_packet.h */ = {isa = PBXFileReference; fileEncoding = 4; lastKnownFileType = sourcecode.c.h; path = dnet_packet.h; sourceTree = "<group>"; };
		FDCF1DA420C81FC90049C3CC /* dthread.h */ = {isa = PBXFileReference; fileEncoding = 4; lastKnownFileType = sourcecode.c.h; path = dthread.h; sourceTree = "<group>"; };
		FDCF1DA520C81FC90049C3CC /* dnet_log.c */ = {isa = PBXFileReference; fileEncoding = 4; lastKnownFileType = sourcecode.c.c; path = dnet_log.c; sourceTree = "<group>"; };
		FDCF1DA620C81FC90049C3CC /* dnet_threads.h */ = {isa = PBXFileReference; fileEncoding = 4; lastKnownFileType = sourcecode.c.h; path = dnet_threads.h; sourceTree = "<group>"; };
		FDCF1DA720C81FC90049C3CC /* dnet_command.c */ = {isa = PBXFileReference; fileEncoding = 4; lastKnownFileType = sourcecode.c.c; path = dnet_command.c; sourceTree = "<group>"; };
		FDCF1DA820C81FC90049C3CC /* dnet_database.c */ = {isa = PBXFileReference; fileEncoding = 4; lastKnownFileType = sourcecode.c.c; path = dnet_database.c; sourceTree = "<group>"; };
		FDCF1DA920C81FC90049C3CC /* dnet_files.h */ = {isa = PBXFileReference; fileEncoding = 4; lastKnownFileType = sourcecode.c.h; path = dnet_files.h; sourceTree = "<group>"; };
		FDCF1DAA20C81FC90049C3CC /* dnet_connection.c */ = {isa = PBXFileReference; fileEncoding = 4; lastKnownFileType = sourcecode.c.c; path = dnet_connection.c; sourceTree = "<group>"; };
		FDCF1DAB20C81FC90049C3CC /* dnet_stream.h */ = {isa = PBXFileReference; fileEncoding = 4; lastKnownFileType = sourcecode.c.h; path = dnet_stream.h; sourceTree = "<group>"; };
		FDCF1DAC20C81FC90049C3CC /* system.h */ = {isa = PBXFileReference; fileEncoding = 4; lastKnownFileType = sourcecode.c.h; path = system.h; sourceTree = "<group>"; };
		FDCF1DAD20C81FC90049C3CC /* dnet_tap.c */ = {isa = PBXFileReference; fileEncoding = 4; lastKnownFileType = sourcecode.c.c; path = dnet_tap.c; sourceTree = "<group>"; };
		FDCF1DAE20C81FC90049C3CC /* dnet_packet.c */ = {isa = PBXFileReference; fileEncoding = 4; lastKnownFileType = sourcecode.c.c; path = dnet_packet.c; sourceTree = "<group>"; };
		FDCF1DAF20C81FC90049C3CC /* dnet_main.h */ = {isa = PBXFileReference; fileEncoding = 4; lastKnownFileType = sourcecode.c.h; path = dnet_main.h; sourceTree = "<group>"; };
		FDCF1DB020C81FC90049C3CC /* dnet_crypt.h */ = {isa = PBXFileReference; fileEncoding = 4; lastKnownFileType = sourcecode.c.h; path = dnet_crypt.h; sourceTree = "<group>"; };
		FDCF1DB220C81FCA0049C3CC /* xdagwrapper.h */ = {isa = PBXFileReference; fileEncoding = 4; lastKnownFileType = sourcecode.c.h; path = xdagwrapper.h; sourceTree = "<group>"; };
		FDCF1DB320C81FCA0049C3CC /* xdagwrapper.c */ = {isa = PBXFileReference; fileEncoding = 4; lastKnownFileType = sourcecode.c.c; path = xdagwrapper.c; sourceTree = "<group>"; };
		FDD5AA262045B7B800C84CC1 /* TransactionViewController.swift */ = {isa = PBXFileReference; lastKnownFileType = sourcecode.swift; path = TransactionViewController.swift; sourceTree = "<group>"; };
		FDD5AA2920464C5500C84CC1 /* Util.swift */ = {isa = PBXFileReference; lastKnownFileType = sourcecode.swift; path = Util.swift; sourceTree = "<group>"; };
		FDD5AA2B2046882100C84CC1 /* UIColorExtension.swift */ = {isa = PBXFileReference; lastKnownFileType = sourcecode.swift; path = UIColorExtension.swift; sourceTree = "<group>"; };
		FDD5AA2F204689D000C84CC1 /* TransactionTableViewCell.swift */ = {isa = PBXFileReference; lastKnownFileType = sourcecode.swift; path = TransactionTableViewCell.swift; sourceTree = "<group>"; };
		FDD5AA3220468A8700C84CC1 /* XDAGTransaction.swift */ = {isa = PBXFileReference; lastKnownFileType = sourcecode.swift; path = XDAGTransaction.swift; sourceTree = "<group>"; };
		FDDFDDA02042805200B3D0DE /* xdag-ios.app */ = {isa = PBXFileReference; explicitFileType = wrapper.application; includeInIndex = 0; path = "xdag-ios.app"; sourceTree = BUILT_PRODUCTS_DIR; };
		FDDFDDA32042805200B3D0DE /* AppDelegate.swift */ = {isa = PBXFileReference; lastKnownFileType = sourcecode.swift; path = AppDelegate.swift; sourceTree = "<group>"; };
		FDDFDDA52042805200B3D0DE /* HomeViewController.swift */ = {isa = PBXFileReference; lastKnownFileType = sourcecode.swift; path = HomeViewController.swift; sourceTree = "<group>"; };
		FDDFDDA72042805200B3D0DE /* ReceiveViewController.swift */ = {isa = PBXFileReference; lastKnownFileType = sourcecode.swift; path = ReceiveViewController.swift; sourceTree = "<group>"; };
		FDDFDDAA2042805200B3D0DE /* Base */ = {isa = PBXFileReference; lastKnownFileType = file.storyboard; name = Base; path = Base.lproj/Main.storyboard; sourceTree = "<group>"; };
		FDDFDDAC2042805200B3D0DE /* Assets.xcassets */ = {isa = PBXFileReference; lastKnownFileType = folder.assetcatalog; path = Assets.xcassets; sourceTree = "<group>"; };
		FDDFDDAF2042805200B3D0DE /* Base */ = {isa = PBXFileReference; lastKnownFileType = file.storyboard; name = Base; path = Base.lproj/LaunchScreen.storyboard; sourceTree = "<group>"; };
		FDDFDDB12042805200B3D0DE /* Info.plist */ = {isa = PBXFileReference; lastKnownFileType = text.plist.xml; path = Info.plist; sourceTree = "<group>"; };
		FDDFDDB62042805200B3D0DE /* xdag-iosTests.xctest */ = {isa = PBXFileReference; explicitFileType = wrapper.cfbundle; includeInIndex = 0; path = "xdag-iosTests.xctest"; sourceTree = BUILT_PRODUCTS_DIR; };
		FDDFDDBA2042805200B3D0DE /* xdag_iosTests.swift */ = {isa = PBXFileReference; lastKnownFileType = sourcecode.swift; path = xdag_iosTests.swift; sourceTree = "<group>"; };
		FDDFDDBC2042805200B3D0DE /* Info.plist */ = {isa = PBXFileReference; lastKnownFileType = text.plist.xml; path = Info.plist; sourceTree = "<group>"; };
		FDDFDDC12042805200B3D0DE /* xdag-iosUITests.xctest */ = {isa = PBXFileReference; explicitFileType = wrapper.cfbundle; includeInIndex = 0; path = "xdag-iosUITests.xctest"; sourceTree = BUILT_PRODUCTS_DIR; };
		FDDFDDC52042805200B3D0DE /* xdag_iosUITests.swift */ = {isa = PBXFileReference; lastKnownFileType = sourcecode.swift; path = xdag_iosUITests.swift; sourceTree = "<group>"; };
		FDDFDDC72042805200B3D0DE /* Info.plist */ = {isa = PBXFileReference; lastKnownFileType = text.plist.xml; path = Info.plist; sourceTree = "<group>"; };
		FDDFDDD52042B28900B3D0DE /* GuideViewController.swift */ = {isa = PBXFileReference; lastKnownFileType = sourcecode.swift; path = GuideViewController.swift; sourceTree = "<group>"; };
/* End PBXFileReference section */

/* Begin PBXFrameworksBuildPhase section */
		FDDFDD9D2042805200B3D0DE /* Frameworks */ = {
			isa = PBXFrameworksBuildPhase;
			buildActionMask = 2147483647;
			files = (
				FDA555D320A1E4E000173691 /* libcrypto.a in Frameworks */,
				AED687D18D3BA32ECAA614DF /* Pods_xdag_ios.framework in Frameworks */,
				FDA555D420A1E4E000173691 /* libssl.a in Frameworks */,
			);
			runOnlyForDeploymentPostprocessing = 0;
		};
		FDDFDDB32042805200B3D0DE /* Frameworks */ = {
			isa = PBXFrameworksBuildPhase;
			buildActionMask = 2147483647;
			files = (
				2610121345B6067DADE417BE /* Pods_xdag_iosTests.framework in Frameworks */,
			);
			runOnlyForDeploymentPostprocessing = 0;
		};
		FDDFDDBE2042805200B3D0DE /* Frameworks */ = {
			isa = PBXFrameworksBuildPhase;
			buildActionMask = 2147483647;
			files = (
				6BB6FF58956E36C24BC09567 /* Pods_xdag_iosUITests.framework in Frameworks */,
			);
			runOnlyForDeploymentPostprocessing = 0;
		};
/* End PBXFrameworksBuildPhase section */

/* Begin PBXGroup section */
		58D990FBE12108B1BD36222F /* Frameworks */ = {
			isa = PBXGroup;
			children = (
				25C83CF0A0B916236770A5D6 /* Pods_xdag_ios.framework */,
				F575BF24B3A94D152579D826 /* Pods_xdag_iosTests.framework */,
				B16B9CA38ADF1393659ED547 /* Pods_xdag_iosUITests.framework */,
			);
			name = Frameworks;
			sourceTree = "<group>";
		};
		C684811FCDBE54F1807F9857 /* Pods */ = {
			isa = PBXGroup;
			children = (
				1D9DAC25AEF9444ECA1E4466 /* Pods-xdag-ios.debug.xcconfig */,
				269411DE1C7F71C64785342F /* Pods-xdag-ios.release.xcconfig */,
				5FFCC02E74025E13401F7F38 /* Pods-xdag-iosTests.debug.xcconfig */,
				665C85CB1872EB283EDC25CE /* Pods-xdag-iosTests.release.xcconfig */,
				B2B0194D1EE6B527C4E28409 /* Pods-xdag-iosUITests.debug.xcconfig */,
				71D1D089D8D2B3DAEC804371 /* Pods-xdag-iosUITests.release.xcconfig */,
			);
			name = Pods;
			sourceTree = "<group>";
		};
		FD0638BA20CE2B63009CC3A2 /* utils */ = {
			isa = PBXGroup;
			children = (
				FD0638BB20CE2B63009CC3A2 /* utils.h */,
				FD0638BC20CE2B63009CC3A2 /* utils.c */,
			);
			path = utils;
			sourceTree = "<group>";
		};
		FD209CFC21231E9800CD4080 /* services */ = {
			isa = PBXGroup;
			children = (
				FD209CFD21231EAD00CD4080 /* Router.swift */,
				FD209CFF21231F7200CD4080 /* ServiceApi.swift */,
			);
			path = services;
			sourceTree = "<group>";
		};
		FD209D012124780200CD4080 /* controls */ = {
			isa = PBXGroup;
			children = (
				FD209D022124782500CD4080 /* SmileLock */,
			);
			path = controls;
			sourceTree = "<group>";
		};
		FD209D022124782500CD4080 /* SmileLock */ = {
			isa = PBXGroup;
			children = (
				FD209D032124782500CD4080 /* Classes */,
				FD209D082124782500CD4080 /* Assets */,
			);
			path = SmileLock;
			sourceTree = "<group>";
		};
		FD209D032124782500CD4080 /* Classes */ = {
			isa = PBXGroup;
			children = (
				FD209D042124782500CD4080 /* PasswordInputView.swift */,
				FD209D052124782500CD4080 /* PasswordContainerView.swift */,
				FD209D062124782500CD4080 /* PasswordDotView.swift */,
				FD209D072124782500CD4080 /* PasswordUIValidation.swift */,
			);
			path = Classes;
			sourceTree = "<group>";
		};
		FD209D082124782500CD4080 /* Assets */ = {
			isa = PBXGroup;
			children = (
				FD209D092124782500CD4080 /* PasswordContainerView.xib */,
				FD209D0A2124782500CD4080 /* Assets.xcassets */,
			);
			path = Assets;
			sourceTree = "<group>";
		};
		FDA5550720A1E4E000173691 /* xdag */ = {
			isa = PBXGroup;
			children = (
				FD0638BA20CE2B63009CC3A2 /* utils */,
				FDCF1D7220C81FC90049C3CC /* client */,
				FDCF1D9720C81FC90049C3CC /* dnet */,
				FDCF1D6620C81FC90049C3CC /* dus */,
				FDCF1D6220C81FC90049C3CC /* ldus */,
				FDCF1DB120C81FCA0049C3CC /* wrapper */,
				FDA5552C20A1E4E000173691 /* openssl */,
			);
			path = xdag;
			sourceTree = "<group>";
		};
		FDA5552C20A1E4E000173691 /* openssl */ = {
			isa = PBXGroup;
			children = (
				FDA5552D20A1E4E000173691 /* FSOpenSSL.h */,
				FDA5552E20A1E4E000173691 /* include */,
				FDA5558320A1E4E000173691 /* FSOpenSSL.m */,
				FDA5558420A1E4E000173691 /* lib */,
			);
			path = openssl;
			sourceTree = "<group>";
		};
		FDA5552E20A1E4E000173691 /* include */ = {
			isa = PBXGroup;
			children = (
				FDA5552F20A1E4E000173691 /* opensslconf-template.h */,
				FDA5553020A1E4E000173691 /* openssl */,
			);
			path = include;
			sourceTree = "<group>";
		};
		FDA5553020A1E4E000173691 /* openssl */ = {
			isa = PBXGroup;
			children = (
				FDA5553120A1E4E000173691 /* pem2.h */,
				FDA5553220A1E4E000173691 /* pem.h */,
				FDA5553320A1E4E000173691 /* ssl3.h */,
				FDA5553420A1E4E000173691 /* ossl_typ.h */,
				FDA5553520A1E4E000173691 /* dtls1.h */,
				FDA5553620A1E4E000173691 /* err.h */,
				FDA5553720A1E4E000173691 /* bn.h */,
				FDA5553820A1E4E000173691 /* blowfish.h */,
				FDA5553920A1E4E000173691 /* cms.h */,
				FDA5553A20A1E4E000173691 /* engine.h */,
				FDA5553B20A1E4E000173691 /* conf_api.h */,
				FDA5553C20A1E4E000173691 /* x509.h */,
				FDA5553D20A1E4E000173691 /* asn1_mac.h */,
				FDA5553E20A1E4E000173691 /* opensslconf_ios_x86_64.h */,
				FDA5553F20A1E4E000173691 /* ui.h */,
				FDA5554020A1E4E000173691 /* kssl.h */,
				FDA5554120A1E4E000173691 /* opensslconf_tvos_x86_64.h */,
				FDA5554220A1E4E000173691 /* opensslconf_ios_armv7s.h */,
				FDA5554320A1E4E000173691 /* sha.h */,
				FDA5554420A1E4E000173691 /* symhacks.h */,
				FDA5554520A1E4E000173691 /* asn1.h */,
				FDA5554620A1E4E000173691 /* opensslconf.h */,
				FDA5554720A1E4E000173691 /* opensslconf_ios_i386.h */,
				FDA5554820A1E4E000173691 /* bio.h */,
				FDA5554920A1E4E000173691 /* rc2.h */,
				FDA5554A20A1E4E000173691 /* dh.h */,
				FDA5554B20A1E4E000173691 /* ui_compat.h */,
				FDA5554C20A1E4E000173691 /* x509v3.h */,
				FDA5554D20A1E4E000173691 /* ssl23.h */,
				FDA5554E20A1E4E000173691 /* conf.h */,
				FDA5554F20A1E4E000173691 /* md5.h */,
				FDA5555020A1E4E000173691 /* x509_vfy.h */,
				FDA5555120A1E4E000173691 /* txt_db.h */,
				FDA5555220A1E4E000173691 /* safestack.h */,
				FDA5555320A1E4E000173691 /* ecdsa.h */,
				FDA5555420A1E4E000173691 /* objects.h */,
				FDA5555520A1E4E000173691 /* pkcs12.h */,
				FDA5555620A1E4E000173691 /* crypto.h */,
				FDA5555720A1E4E000173691 /* opensslv.h */,
				FDA5555820A1E4E000173691 /* pkcs7.h */,
				FDA5555920A1E4E000173691 /* obj_mac.h */,
				FDA5555A20A1E4E000173691 /* buffer.h */,
				FDA5555B20A1E4E000173691 /* ssl.h */,
				FDA5555C20A1E4E000173691 /* srp.h */,
				FDA5555D20A1E4E000173691 /* camellia.h */,
				FDA5555E20A1E4E000173691 /* opensslconf_ios_arm64.h */,
				FDA5555F20A1E4E000173691 /* evp.h */,
				FDA5556020A1E4E000173691 /* e_os2.h */,
				FDA5556120A1E4E000173691 /* md4.h */,
				FDA5556220A1E4E000173691 /* hmac.h */,
				FDA5556320A1E4E000173691 /* aes.h */,
				FDA5556420A1E4E000173691 /* comp.h */,
				FDA5556520A1E4E000173691 /* cast.h */,
				FDA5556620A1E4E000173691 /* rc4.h */,
				FDA5556720A1E4E000173691 /* stack.h */,
				FDA5556820A1E4E000173691 /* des.h */,
				FDA5556920A1E4E000173691 /* ocsp.h */,
				FDA5556A20A1E4E000173691 /* ec.h */,
				FDA5556B20A1E4E000173691 /* ecdh.h */,
				FDA5556C20A1E4E000173691 /* rand.h */,
				FDA5556D20A1E4E000173691 /* opensslconf_ios_armv7.h */,
				FDA5556E20A1E4E000173691 /* opensslconf_tvos_arm64.h */,
				FDA5556F20A1E4E000173691 /* ts.h */,
				FDA5557020A1E4E000173691 /* pqueue.h */,
				FDA5557120A1E4E000173691 /* dso.h */,
				FDA5557220A1E4E000173691 /* seed.h */,
				FDA5557320A1E4E000173691 /* modes.h */,
				FDA5557420A1E4E000173691 /* ssl2.h */,
				FDA5557520A1E4E000173691 /* rsa.h */,
				FDA5557620A1E4E000173691 /* krb5_asn.h */,
				FDA5557720A1E4E000173691 /* des_old.h */,
				FDA5557820A1E4E000173691 /* ripemd.h */,
				FDA5557920A1E4E000173691 /* whrlpool.h */,
				FDA5557A20A1E4E000173691 /* tls1.h */,
				FDA5557B20A1E4E000173691 /* mdc2.h */,
				FDA5557C20A1E4E000173691 /* dsa.h */,
				FDA5557D20A1E4E000173691 /* srtp.h */,
				FDA5557E20A1E4E000173691 /* asn1t.h */,
				FDA5557F20A1E4E000173691 /* cmac.h */,
				FDA5558020A1E4E000173691 /* ebcdic.h */,
				FDA5558120A1E4E000173691 /* idea.h */,
				FDA5558220A1E4E000173691 /* lhash.h */,
			);
			path = openssl;
			sourceTree = "<group>";
		};
		FDA5558420A1E4E000173691 /* lib */ = {
			isa = PBXGroup;
			children = (
				FDA5558520A1E4E000173691 /* libcrypto.a */,
				FDA5558620A1E4E000173691 /* libssl.a */,
			);
			path = lib;
			sourceTree = "<group>";
		};
		FDCF1D6220C81FC90049C3CC /* ldus */ = {
			isa = PBXGroup;
			children = (
				FDCF1D6320C81FC90049C3CC /* list.h */,
				FDCF1D6420C81FC90049C3CC /* rbtree.h */,
				FDCF1D6520C81FC90049C3CC /* atomic.h */,
			);
			path = ldus;
			sourceTree = "<group>";
		};
		FDCF1D6620C81FC90049C3CC /* dus */ = {
			isa = PBXGroup;
			children = (
				FDCF1D6720C81FC90049C3CC /* dfsrsa.c */,
				FDCF1D6820C81FC90049C3CC /* crc.h */,
				FDCF1D6920C81FC90049C3CC /* crc_c.c */,
				FDCF1D6A20C81FC90049C3CC /* dfslib_string.h */,
				FDCF1D6B20C81FC90049C3CC /* dfslib_crypt.h */,
				FDCF1D6C20C81FC90049C3CC /* dfslib_random.h */,
				FDCF1D6D20C81FC90049C3CC /* dfsrsa.h */,
				FDCF1D6E20C81FC90049C3CC /* dfslib_types.h */,
				FDCF1D6F20C81FC90049C3CC /* dfslib_crypt.c */,
				FDCF1D7020C81FC90049C3CC /* dfslib_random.c */,
				FDCF1D7120C81FC90049C3CC /* dfslib_string.c */,
			);
			path = dus;
			sourceTree = "<group>";
		};
		FDCF1D7220C81FC90049C3CC /* client */ = {
			isa = PBXGroup;
			children = (
				FDCF1D7320C81FC90049C3CC /* xdagmain.c */,
				FDCF1D7420C81FC90049C3CC /* log.c */,
				FDCF1D7520C81FC90049C3CC /* crypt.c */,
				FDCF1D7620C81FC90049C3CC /* transport.c */,
				FDCF1D7720C81FC90049C3CC /* version.h */,
				FDCF1D7820C81FC90049C3CC /* netdb.c */,
				FDCF1D7920C81FC90049C3CC /* pool.h */,
				FDCF1D7A20C81FC90049C3CC /* block.c */,
				FDCF1D7B20C81FC90049C3CC /* memory.c */,
				FDCF1D7C20C81FC90049C3CC /* wallet.c */,
				FDCF1D7D20C81FC90049C3CC /* sync.h */,
				FDCF1D7E20C81FC90049C3CC /* storage.c */,
				FDCF1D7F20C81FC90049C3CC /* netdb-white-testnet.txt */,
				FDCF1D8020C81FC90049C3CC /* address.h */,
				FDCF1D8120C81FC90049C3CC /* sha256.h */,
				FDCF1D8220C81FC90049C3CC /* netdb.txt */,
				FDCF1D8320C81FC90049C3CC /* hash.c */,
				FDCF1D8420C81FC90049C3CC /* crypt.h */,
				FDCF1D8520C81FC90049C3CC /* xdagmain.h */,
				FDCF1D8620C81FC90049C3CC /* log.h */,
				FDCF1D8720C81FC90049C3CC /* storage.h */,
				FDCF1D8820C81FC90049C3CC /* sync.c */,
				FDCF1D8920C81FC90049C3CC /* wallet.h */,
				FDCF1D8A20C81FC90049C3CC /* block.h */,
				FDCF1D8B20C81FC90049C3CC /* pool.c */,
				FDCF1D8C20C81FC90049C3CC /* netdb.h */,
				FDCF1D8D20C81FC90049C3CC /* transport.h */,
				FDCF1D8E20C81FC90049C3CC /* memory.h */,
				FDCF1D8F20C81FC90049C3CC /* sha256.c */,
				FDCF1D9020C81FC90049C3CC /* system.h */,
				FDCF1D9120C81FC90049C3CC /* netdb-testnet.txt */,
				FDCF1D9220C81FC90049C3CC /* address.c */,
				FDCF1D9320C81FC90049C3CC /* state.h */,
				FDCF1D9420C81FC90049C3CC /* hash.h */,
				FDCF1D9520C81FC90049C3CC /* statsdaemon.c */,
				FDCF1D9620C81FC90049C3CC /* netdb-white.txt */,
			);
			path = client;
			sourceTree = "<group>";
		};
		FDCF1D9720C81FC90049C3CC /* dnet */ = {
			isa = PBXGroup;
			children = (
				FDCF1D9820C81FC90049C3CC /* dnet_log.h */,
				FDCF1D9920C81FC90049C3CC /* dnet_threads.c */,
				FDCF1D9A20C81FC90049C3CC /* dnet_files.c */,
				FDCF1D9B20C81FC90049C3CC /* dnet_stream.c */,
				FDCF1D9C20C81FC90049C3CC /* dnet_connection.h */,
				FDCF1D9D20C81FC90049C3CC /* dnet_database.h */,
				FDCF1D9E20C81FC90049C3CC /* dnet_command.h */,
				FDCF1D9F20C81FC90049C3CC /* dnet_tap.h */,
				FDCF1DA020C81FC90049C3CC /* dnet_history.h */,
				FDCF1DA120C81FC90049C3CC /* dnet_crypt.c */,
				FDCF1DA220C81FC90049C3CC /* dnet_main.c */,
				FDCF1DA320C81FC90049C3CC /* dnet_packet.h */,
				FDCF1DA420C81FC90049C3CC /* dthread.h */,
				FDCF1DA520C81FC90049C3CC /* dnet_log.c */,
				FDCF1DA620C81FC90049C3CC /* dnet_threads.h */,
				FDCF1DA720C81FC90049C3CC /* dnet_command.c */,
				FDCF1DA820C81FC90049C3CC /* dnet_database.c */,
				FDCF1DA920C81FC90049C3CC /* dnet_files.h */,
				FDCF1DAA20C81FC90049C3CC /* dnet_connection.c */,
				FDCF1DAB20C81FC90049C3CC /* dnet_stream.h */,
				FDCF1DAC20C81FC90049C3CC /* system.h */,
				FDCF1DAD20C81FC90049C3CC /* dnet_tap.c */,
				FDCF1DAE20C81FC90049C3CC /* dnet_packet.c */,
				FDCF1DAF20C81FC90049C3CC /* dnet_main.h */,
				FDCF1DB020C81FC90049C3CC /* dnet_crypt.h */,
			);
			path = dnet;
			sourceTree = "<group>";
		};
		FDCF1DB120C81FCA0049C3CC /* wrapper */ = {
			isa = PBXGroup;
			children = (
				FDCF1DB220C81FCA0049C3CC /* xdagwrapper.h */,
				FDCF1DB320C81FCA0049C3CC /* xdagwrapper.c */,
			);
			path = wrapper;
			sourceTree = "<group>";
		};
		FDD5AA2820464BF000C84CC1 /* Common */ = {
			isa = PBXGroup;
			children = (
				FD07F7CB204D081700BE86B9 /* SwiftNotice.swift */,
				FDD5AA2920464C5500C84CC1 /* Util.swift */,
				FDD5AA2B2046882100C84CC1 /* UIColorExtension.swift */,
				FDA7E43220556A0400A914B1 /* AVCaptureSessionManager.swift */,
				FDA7E4342055713000A914B1 /* AppPermissions.swift */,
				FDA7E43A205D2BE800A914B1 /* XDagQuerySerialization.swift */,
				FDA555F620A1F2BF00173691 /* CString.swift */,
				FD9043C320CE0AD1008B9D6A /* XdagEvent.swift */,
				FD209D162125C2D600CD4080 /* Keychain.swift */,
			);
			path = Common;
			sourceTree = "<group>";
		};
		FDD5AA2D2046899D00C84CC1 /* Views */ = {
			isa = PBXGroup;
			children = (
				FDD5AA2F204689D000C84CC1 /* TransactionTableViewCell.swift */,
			);
			path = Views;
			sourceTree = "<group>";
		};
		FDD5AA3120468A7C00C84CC1 /* Models */ = {
			isa = PBXGroup;
			children = (
				FDD5AA3220468A8700C84CC1 /* XDAGTransaction.swift */,
			);
			path = Models;
			sourceTree = "<group>";
		};
		FDDFDD972042805200B3D0DE = {
			isa = PBXGroup;
			children = (
				FDA5550720A1E4E000173691 /* xdag */,
				FDDFDDA22042805200B3D0DE /* xdag-ios */,
				FDDFDDB92042805200B3D0DE /* xdag-iosTests */,
				FDDFDDC42042805200B3D0DE /* xdag-iosUITests */,
				FDDFDDA12042805200B3D0DE /* Products */,
				C684811FCDBE54F1807F9857 /* Pods */,
				58D990FBE12108B1BD36222F /* Frameworks */,
			);
			sourceTree = "<group>";
		};
		FDDFDDA12042805200B3D0DE /* Products */ = {
			isa = PBXGroup;
			children = (
				FDDFDDA02042805200B3D0DE /* xdag-ios.app */,
				FDDFDDB62042805200B3D0DE /* xdag-iosTests.xctest */,
				FDDFDDC12042805200B3D0DE /* xdag-iosUITests.xctest */,
			);
			name = Products;
			sourceTree = "<group>";
		};
		FDDFDDA22042805200B3D0DE /* xdag-ios */ = {
			isa = PBXGroup;
			children = (
				FD209D012124780200CD4080 /* controls */,
				FD209CFC21231E9800CD4080 /* services */,
				FDD5AA3120468A7C00C84CC1 /* Models */,
				FDD5AA2D2046899D00C84CC1 /* Views */,
				FDD5AA2820464BF000C84CC1 /* Common */,
				FDDFDDD32042B24A00B3D0DE /* Controllers */,
				FDDFDDA32042805200B3D0DE /* AppDelegate.swift */,
				FDDFDDA92042805200B3D0DE /* Main.storyboard */,
				FDDFDDAC2042805200B3D0DE /* Assets.xcassets */,
				FDDFDDAE2042805200B3D0DE /* LaunchScreen.storyboard */,
				FDDFDDB12042805200B3D0DE /* Info.plist */,
				FDA555EF20A1E8E300173691 /* xdag-Bridging-Header.h */,
			);
			path = "xdag-ios";
			sourceTree = "<group>";
		};
		FDDFDDB92042805200B3D0DE /* xdag-iosTests */ = {
			isa = PBXGroup;
			children = (
				FDDFDDBA2042805200B3D0DE /* xdag_iosTests.swift */,
				FDDFDDBC2042805200B3D0DE /* Info.plist */,
			);
			path = "xdag-iosTests";
			sourceTree = "<group>";
		};
		FDDFDDC42042805200B3D0DE /* xdag-iosUITests */ = {
			isa = PBXGroup;
			children = (
				FDDFDDC52042805200B3D0DE /* xdag_iosUITests.swift */,
				FDDFDDC72042805200B3D0DE /* Info.plist */,
			);
			path = "xdag-iosUITests";
			sourceTree = "<group>";
		};
		FDDFDDD32042B24A00B3D0DE /* Controllers */ = {
			isa = PBXGroup;
			children = (
				FDDFDDA52042805200B3D0DE /* HomeViewController.swift */,
				FDDFDDA72042805200B3D0DE /* ReceiveViewController.swift */,
				FDDFDDD42042B26000B3D0DE /* Guide */,
				FDD5AA262045B7B800C84CC1 /* TransactionViewController.swift */,
				FD07F7CD204E6D1700BE86B9 /* SettingViewController.swift */,
				FDA7E436205D18BC00A914B1 /* ScanViewController.swift */,
				FDA7E438205D1FA900A914B1 /* SendTransactionController.swift */,
				FD209D112124F10F00CD4080 /* PasswordViewController.swift */,
				FD8ACE4D2132BEAC00ED84AE /* BackupViewController.swift */,
			);
			path = Controllers;
			sourceTree = "<group>";
		};
		FDDFDDD42042B26000B3D0DE /* Guide */ = {
			isa = PBXGroup;
			children = (
				FDDFDDD52042B28900B3D0DE /* GuideViewController.swift */,
			);
			path = Guide;
			sourceTree = "<group>";
		};
/* End PBXGroup section */

/* Begin PBXNativeTarget section */
		FDDFDD9F2042805200B3D0DE /* xdag-ios */ = {
			isa = PBXNativeTarget;
			buildConfigurationList = FDDFDDCA2042805200B3D0DE /* Build configuration list for PBXNativeTarget "xdag-ios" */;
			buildPhases = (
				9DA931D9B40C8BE092530E11 /* [CP] Check Pods Manifest.lock */,
				FDDFDD9C2042805200B3D0DE /* Sources */,
				FDDFDD9D2042805200B3D0DE /* Frameworks */,
				FDDFDD9E2042805200B3D0DE /* Resources */,
				76EFF1B98570368D5428D712 /* [CP] Embed Pods Frameworks */,
				F751535B6BE600BD4E7E945F /* [CP] Copy Pods Resources */,
			);
			buildRules = (
			);
			dependencies = (
			);
			name = "xdag-ios";
			productName = "xdag-ios";
			productReference = FDDFDDA02042805200B3D0DE /* xdag-ios.app */;
			productType = "com.apple.product-type.application";
		};
		FDDFDDB52042805200B3D0DE /* xdag-iosTests */ = {
			isa = PBXNativeTarget;
			buildConfigurationList = FDDFDDCD2042805200B3D0DE /* Build configuration list for PBXNativeTarget "xdag-iosTests" */;
			buildPhases = (
				749B0909F1C5FD0A52607EF9 /* [CP] Check Pods Manifest.lock */,
				FDDFDDB22042805200B3D0DE /* Sources */,
				FDDFDDB32042805200B3D0DE /* Frameworks */,
				FDDFDDB42042805200B3D0DE /* Resources */,
				0D0C90F64A68C3C9408CA671 /* [CP] Embed Pods Frameworks */,
				E26020D01BB583B35D4C68E6 /* [CP] Copy Pods Resources */,
			);
			buildRules = (
			);
			dependencies = (
				FDDFDDB82042805200B3D0DE /* PBXTargetDependency */,
			);
			name = "xdag-iosTests";
			productName = "xdag-iosTests";
			productReference = FDDFDDB62042805200B3D0DE /* xdag-iosTests.xctest */;
			productType = "com.apple.product-type.bundle.unit-test";
		};
		FDDFDDC02042805200B3D0DE /* xdag-iosUITests */ = {
			isa = PBXNativeTarget;
			buildConfigurationList = FDDFDDD02042805200B3D0DE /* Build configuration list for PBXNativeTarget "xdag-iosUITests" */;
			buildPhases = (
				16D913AD3EAD900858CE13FD /* [CP] Check Pods Manifest.lock */,
				FDDFDDBD2042805200B3D0DE /* Sources */,
				FDDFDDBE2042805200B3D0DE /* Frameworks */,
				FDDFDDBF2042805200B3D0DE /* Resources */,
				CB4D78C881B2538A33FA8D5B /* [CP] Embed Pods Frameworks */,
				364779288EC90CE371775BB6 /* [CP] Copy Pods Resources */,
			);
			buildRules = (
			);
			dependencies = (
				FDDFDDC32042805200B3D0DE /* PBXTargetDependency */,
			);
			name = "xdag-iosUITests";
			productName = "xdag-iosUITests";
			productReference = FDDFDDC12042805200B3D0DE /* xdag-iosUITests.xctest */;
			productType = "com.apple.product-type.bundle.ui-testing";
		};
/* End PBXNativeTarget section */

/* Begin PBXProject section */
		FDDFDD982042805200B3D0DE /* Project object */ = {
			isa = PBXProject;
			attributes = {
				LastSwiftUpdateCheck = 0920;
				LastUpgradeCheck = 0920;
				ORGANIZATIONNAME = xdag.org;
				TargetAttributes = {
					FDDFDD9F2042805200B3D0DE = {
						CreatedOnToolsVersion = 9.2;
						ProvisioningStyle = Automatic;
						SystemCapabilities = {
							com.apple.BackgroundModes = {
								enabled = 1;
							};
						};
					};
					FDDFDDB52042805200B3D0DE = {
						CreatedOnToolsVersion = 9.2;
						ProvisioningStyle = Automatic;
						TestTargetID = FDDFDD9F2042805200B3D0DE;
					};
					FDDFDDC02042805200B3D0DE = {
						CreatedOnToolsVersion = 9.2;
						ProvisioningStyle = Automatic;
						TestTargetID = FDDFDD9F2042805200B3D0DE;
					};
				};
			};
			buildConfigurationList = FDDFDD9B2042805200B3D0DE /* Build configuration list for PBXProject "xdag-ios" */;
			compatibilityVersion = "Xcode 8.0";
			developmentRegion = en;
			hasScannedForEncodings = 0;
			knownRegions = (
				en,
				Base,
			);
			mainGroup = FDDFDD972042805200B3D0DE;
			productRefGroup = FDDFDDA12042805200B3D0DE /* Products */;
			projectDirPath = "";
			projectRoot = "";
			targets = (
				FDDFDD9F2042805200B3D0DE /* xdag-ios */,
				FDDFDDB52042805200B3D0DE /* xdag-iosTests */,
				FDDFDDC02042805200B3D0DE /* xdag-iosUITests */,
			);
		};
/* End PBXProject section */

/* Begin PBXResourcesBuildPhase section */
		FDDFDD9E2042805200B3D0DE /* Resources */ = {
			isa = PBXResourcesBuildPhase;
			buildActionMask = 2147483647;
			files = (
				FDCF1DC220C81FCA0049C3CC /* netdb-white-testnet.txt in Resources */,
				FDCF1DC320C81FCA0049C3CC /* netdb.txt in Resources */,
				FDDFDDB02042805200B3D0DE /* LaunchScreen.storyboard in Resources */,
				FD209D0F2124782500CD4080 /* PasswordContainerView.xib in Resources */,
				FDCF1DCB20C81FCA0049C3CC /* netdb-white.txt in Resources */,
				FDDFDDAD2042805200B3D0DE /* Assets.xcassets in Resources */,
				FDCF1DC820C81FCA0049C3CC /* netdb-testnet.txt in Resources */,
				FD209D102124782500CD4080 /* Assets.xcassets in Resources */,
				FDDFDDAB2042805200B3D0DE /* Main.storyboard in Resources */,
			);
			runOnlyForDeploymentPostprocessing = 0;
		};
		FDDFDDB42042805200B3D0DE /* Resources */ = {
			isa = PBXResourcesBuildPhase;
			buildActionMask = 2147483647;
			files = (
			);
			runOnlyForDeploymentPostprocessing = 0;
		};
		FDDFDDBF2042805200B3D0DE /* Resources */ = {
			isa = PBXResourcesBuildPhase;
			buildActionMask = 2147483647;
			files = (
			);
			runOnlyForDeploymentPostprocessing = 0;
		};
/* End PBXResourcesBuildPhase section */

/* Begin PBXShellScriptBuildPhase section */
		0D0C90F64A68C3C9408CA671 /* [CP] Embed Pods Frameworks */ = {
			isa = PBXShellScriptBuildPhase;
			buildActionMask = 2147483647;
			files = (
			);
			inputPaths = (
			);
			name = "[CP] Embed Pods Frameworks";
			outputPaths = (
			);
			runOnlyForDeploymentPostprocessing = 0;
			shellPath = /bin/sh;
			shellScript = "\"${SRCROOT}/Pods/Target Support Files/Pods-xdag-iosTests/Pods-xdag-iosTests-frameworks.sh\"\n";
			showEnvVarsInLog = 0;
		};
		16D913AD3EAD900858CE13FD /* [CP] Check Pods Manifest.lock */ = {
			isa = PBXShellScriptBuildPhase;
			buildActionMask = 2147483647;
			files = (
			);
			inputPaths = (
				"${PODS_PODFILE_DIR_PATH}/Podfile.lock",
				"${PODS_ROOT}/Manifest.lock",
			);
			name = "[CP] Check Pods Manifest.lock";
			outputPaths = (
				"$(DERIVED_FILE_DIR)/Pods-xdag-iosUITests-checkManifestLockResult.txt",
			);
			runOnlyForDeploymentPostprocessing = 0;
			shellPath = /bin/sh;
			shellScript = "diff \"${PODS_PODFILE_DIR_PATH}/Podfile.lock\" \"${PODS_ROOT}/Manifest.lock\" > /dev/null\nif [ $? != 0 ] ; then\n    # print error to STDERR\n    echo \"error: The sandbox is not in sync with the Podfile.lock. Run 'pod install' or update your CocoaPods installation.\" >&2\n    exit 1\nfi\n# This output is used by Xcode 'outputs' to avoid re-running this script phase.\necho \"SUCCESS\" > \"${SCRIPT_OUTPUT_FILE_0}\"\n";
			showEnvVarsInLog = 0;
		};
		364779288EC90CE371775BB6 /* [CP] Copy Pods Resources */ = {
			isa = PBXShellScriptBuildPhase;
			buildActionMask = 2147483647;
			files = (
			);
			inputPaths = (
			);
			name = "[CP] Copy Pods Resources";
			outputPaths = (
			);
			runOnlyForDeploymentPostprocessing = 0;
			shellPath = /bin/sh;
			shellScript = "\"${SRCROOT}/Pods/Target Support Files/Pods-xdag-iosUITests/Pods-xdag-iosUITests-resources.sh\"\n";
			showEnvVarsInLog = 0;
		};
		749B0909F1C5FD0A52607EF9 /* [CP] Check Pods Manifest.lock */ = {
			isa = PBXShellScriptBuildPhase;
			buildActionMask = 2147483647;
			files = (
			);
			inputPaths = (
				"${PODS_PODFILE_DIR_PATH}/Podfile.lock",
				"${PODS_ROOT}/Manifest.lock",
			);
			name = "[CP] Check Pods Manifest.lock";
			outputPaths = (
				"$(DERIVED_FILE_DIR)/Pods-xdag-iosTests-checkManifestLockResult.txt",
			);
			runOnlyForDeploymentPostprocessing = 0;
			shellPath = /bin/sh;
			shellScript = "diff \"${PODS_PODFILE_DIR_PATH}/Podfile.lock\" \"${PODS_ROOT}/Manifest.lock\" > /dev/null\nif [ $? != 0 ] ; then\n    # print error to STDERR\n    echo \"error: The sandbox is not in sync with the Podfile.lock. Run 'pod install' or update your CocoaPods installation.\" >&2\n    exit 1\nfi\n# This output is used by Xcode 'outputs' to avoid re-running this script phase.\necho \"SUCCESS\" > \"${SCRIPT_OUTPUT_FILE_0}\"\n";
			showEnvVarsInLog = 0;
		};
		76EFF1B98570368D5428D712 /* [CP] Embed Pods Frameworks */ = {
			isa = PBXShellScriptBuildPhase;
			buildActionMask = 2147483647;
			files = (
			);
			inputPaths = (
				"${SRCROOT}/Pods/Target Support Files/Pods-xdag-ios/Pods-xdag-ios-frameworks.sh",
				"${BUILT_PRODUCTS_DIR}/Alamofire/Alamofire.framework",
				"${BUILT_PRODUCTS_DIR}/CocoaAsyncSocket/CocoaAsyncSocket.framework",
				"${BUILT_PRODUCTS_DIR}/HTTPParserC/HTTPParserC.framework",
				"${BUILT_PRODUCTS_DIR}/SnapKit/SnapKit.framework",
				"${BUILT_PRODUCTS_DIR}/SwiftyJSON/SwiftyJSON.framework",
				"${BUILT_PRODUCTS_DIR}/Telegraph/Telegraph.framework",
				"${BUILT_PRODUCTS_DIR}/Zip/Zip.framework",
				"${BUILT_PRODUCTS_DIR}/paper-onboarding/paper_onboarding.framework",
			);
			name = "[CP] Embed Pods Frameworks";
			outputPaths = (
				"${TARGET_BUILD_DIR}/${FRAMEWORKS_FOLDER_PATH}/Alamofire.framework",
				"${TARGET_BUILD_DIR}/${FRAMEWORKS_FOLDER_PATH}/CocoaAsyncSocket.framework",
				"${TARGET_BUILD_DIR}/${FRAMEWORKS_FOLDER_PATH}/HTTPParserC.framework",
				"${TARGET_BUILD_DIR}/${FRAMEWORKS_FOLDER_PATH}/SnapKit.framework",
				"${TARGET_BUILD_DIR}/${FRAMEWORKS_FOLDER_PATH}/SwiftyJSON.framework",
				"${TARGET_BUILD_DIR}/${FRAMEWORKS_FOLDER_PATH}/Telegraph.framework",
				"${TARGET_BUILD_DIR}/${FRAMEWORKS_FOLDER_PATH}/Zip.framework",
				"${TARGET_BUILD_DIR}/${FRAMEWORKS_FOLDER_PATH}/paper_onboarding.framework",
			);
			runOnlyForDeploymentPostprocessing = 0;
			shellPath = /bin/sh;
			shellScript = "\"${SRCROOT}/Pods/Target Support Files/Pods-xdag-ios/Pods-xdag-ios-frameworks.sh\"\n";
			showEnvVarsInLog = 0;
		};
		9DA931D9B40C8BE092530E11 /* [CP] Check Pods Manifest.lock */ = {
			isa = PBXShellScriptBuildPhase;
			buildActionMask = 2147483647;
			files = (
			);
			inputPaths = (
				"${PODS_PODFILE_DIR_PATH}/Podfile.lock",
				"${PODS_ROOT}/Manifest.lock",
			);
			name = "[CP] Check Pods Manifest.lock";
			outputPaths = (
				"$(DERIVED_FILE_DIR)/Pods-xdag-ios-checkManifestLockResult.txt",
			);
			runOnlyForDeploymentPostprocessing = 0;
			shellPath = /bin/sh;
			shellScript = "diff \"${PODS_PODFILE_DIR_PATH}/Podfile.lock\" \"${PODS_ROOT}/Manifest.lock\" > /dev/null\nif [ $? != 0 ] ; then\n    # print error to STDERR\n    echo \"error: The sandbox is not in sync with the Podfile.lock. Run 'pod install' or update your CocoaPods installation.\" >&2\n    exit 1\nfi\n# This output is used by Xcode 'outputs' to avoid re-running this script phase.\necho \"SUCCESS\" > \"${SCRIPT_OUTPUT_FILE_0}\"\n";
			showEnvVarsInLog = 0;
		};
		CB4D78C881B2538A33FA8D5B /* [CP] Embed Pods Frameworks */ = {
			isa = PBXShellScriptBuildPhase;
			buildActionMask = 2147483647;
			files = (
			);
			inputPaths = (
			);
			name = "[CP] Embed Pods Frameworks";
			outputPaths = (
			);
			runOnlyForDeploymentPostprocessing = 0;
			shellPath = /bin/sh;
			shellScript = "\"${SRCROOT}/Pods/Target Support Files/Pods-xdag-iosUITests/Pods-xdag-iosUITests-frameworks.sh\"\n";
			showEnvVarsInLog = 0;
		};
		E26020D01BB583B35D4C68E6 /* [CP] Copy Pods Resources */ = {
			isa = PBXShellScriptBuildPhase;
			buildActionMask = 2147483647;
			files = (
			);
			inputPaths = (
			);
			name = "[CP] Copy Pods Resources";
			outputPaths = (
			);
			runOnlyForDeploymentPostprocessing = 0;
			shellPath = /bin/sh;
			shellScript = "\"${SRCROOT}/Pods/Target Support Files/Pods-xdag-iosTests/Pods-xdag-iosTests-resources.sh\"\n";
			showEnvVarsInLog = 0;
		};
		F751535B6BE600BD4E7E945F /* [CP] Copy Pods Resources */ = {
			isa = PBXShellScriptBuildPhase;
			buildActionMask = 2147483647;
			files = (
			);
			inputPaths = (
			);
			name = "[CP] Copy Pods Resources";
			outputPaths = (
			);
			runOnlyForDeploymentPostprocessing = 0;
			shellPath = /bin/sh;
			shellScript = "\"${SRCROOT}/Pods/Target Support Files/Pods-xdag-ios/Pods-xdag-ios-resources.sh\"\n";
			showEnvVarsInLog = 0;
		};
/* End PBXShellScriptBuildPhase section */

/* Begin PBXSourcesBuildPhase section */
		FDDFDD9C2042805200B3D0DE /* Sources */ = {
			isa = PBXSourcesBuildPhase;
			buildActionMask = 2147483647;
			files = (
				FDCF1DB420C81FCA0049C3CC /* dfsrsa.c in Sources */,
				FDD5AA272045B7B800C84CC1 /* TransactionViewController.swift in Sources */,
				FDCF1DB720C81FCA0049C3CC /* dfslib_random.c in Sources */,
				FD209D122124F10F00CD4080 /* PasswordViewController.swift in Sources */,
				FDCF1DD220C81FCA0049C3CC /* dnet_command.c in Sources */,
				FDA7E437205D18BC00A914B1 /* ScanViewController.swift in Sources */,
				FD8ACE4E2132BEAC00ED84AE /* BackupViewController.swift in Sources */,
				FDA7E4352055713000A914B1 /* AppPermissions.swift in Sources */,
				FDCF1DD020C81FCA0049C3CC /* dnet_main.c in Sources */,
				FD07F7CE204E6D1700BE86B9 /* SettingViewController.swift in Sources */,
				FD209D0021231F7200CD4080 /* ServiceApi.swift in Sources */,
				FD209CFE21231EAD00CD4080 /* Router.swift in Sources */,
				FDCF1DCE20C81FCA0049C3CC /* dnet_stream.c in Sources */,
				FDCF1DD720C81FCA0049C3CC /* xdagwrapper.c in Sources */,
				FDCF1DBB20C81FCA0049C3CC /* crypt.c in Sources */,
				FDA7E439205D1FA900A914B1 /* SendTransactionController.swift in Sources */,
				FDA7E43320556A0400A914B1 /* AVCaptureSessionManager.swift in Sources */,
				FDCF1DCC20C81FCA0049C3CC /* dnet_threads.c in Sources */,
				FDD5AA2C2046882100C84CC1 /* UIColorExtension.swift in Sources */,
				FDCF1DD420C81FCA0049C3CC /* dnet_connection.c in Sources */,
				FDCF1DC620C81FCA0049C3CC /* pool.c in Sources */,
				FDCF1DBC20C81FCA0049C3CC /* transport.c in Sources */,
				FDCF1DD620C81FCA0049C3CC /* dnet_packet.c in Sources */,
				FDD5AA30204689D000C84CC1 /* TransactionTableViewCell.swift in Sources */,
				FDA555F720A1F2BF00173691 /* CString.swift in Sources */,
				FD9043C420CE0AD1008B9D6A /* XdagEvent.swift in Sources */,
				FDCF1DBE20C81FCA0049C3CC /* block.c in Sources */,
				FDCF1DB520C81FCA0049C3CC /* crc_c.c in Sources */,
				FDCF1DC120C81FCA0049C3CC /* storage.c in Sources */,
				FDCF1DCD20C81FCA0049C3CC /* dnet_files.c in Sources */,
				FD209D172125C2D600CD4080 /* Keychain.swift in Sources */,
				FDCF1DB920C81FCA0049C3CC /* xdagmain.c in Sources */,
				FDA555D220A1E4E000173691 /* FSOpenSSL.m in Sources */,
				FDCF1DB620C81FCA0049C3CC /* dfslib_crypt.c in Sources */,
				FD209D0E2124782500CD4080 /* PasswordUIValidation.swift in Sources */,
				FD209D0B2124782500CD4080 /* PasswordInputView.swift in Sources */,
				FDCF1DC420C81FCA0049C3CC /* hash.c in Sources */,
				FDCF1DC920C81FCA0049C3CC /* address.c in Sources */,
				FD07F7CC204D081800BE86B9 /* SwiftNotice.swift in Sources */,
				FDCF1DD120C81FCA0049C3CC /* dnet_log.c in Sources */,
				FD0638BD20CE2B63009CC3A2 /* utils.c in Sources */,
				FDCF1DCA20C81FCA0049C3CC /* statsdaemon.c in Sources */,
				FDCF1DB820C81FCA0049C3CC /* dfslib_string.c in Sources */,
				FD209D0C2124782500CD4080 /* PasswordContainerView.swift in Sources */,
				FDCF1DD320C81FCA0049C3CC /* dnet_database.c in Sources */,
				FDCF1DBA20C81FCA0049C3CC /* log.c in Sources */,
				FDD5AA2A20464C5500C84CC1 /* Util.swift in Sources */,
				FDCF1DC020C81FCA0049C3CC /* wallet.c in Sources */,
				FDCF1DBF20C81FCA0049C3CC /* memory.c in Sources */,
				FDCF1DC520C81FCA0049C3CC /* sync.c in Sources */,
				FDDFDDA82042805200B3D0DE /* ReceiveViewController.swift in Sources */,
				FD209D0D2124782500CD4080 /* PasswordDotView.swift in Sources */,
				FDDFDDD62042B28900B3D0DE /* GuideViewController.swift in Sources */,
				FDDFDDA42042805200B3D0DE /* AppDelegate.swift in Sources */,
				FDD5AA3320468A8700C84CC1 /* XDAGTransaction.swift in Sources */,
				FDCF1DD520C81FCA0049C3CC /* dnet_tap.c in Sources */,
				FDCF1DBD20C81FCA0049C3CC /* netdb.c in Sources */,
				FDDFDDA62042805200B3D0DE /* HomeViewController.swift in Sources */,
				FDCF1DCF20C81FCA0049C3CC /* dnet_crypt.c in Sources */,
				FDCF1DC720C81FCA0049C3CC /* sha256.c in Sources */,
				FDA7E43B205D2BE800A914B1 /* XDagQuerySerialization.swift in Sources */,
			);
			runOnlyForDeploymentPostprocessing = 0;
		};
		FDDFDDB22042805200B3D0DE /* Sources */ = {
			isa = PBXSourcesBuildPhase;
			buildActionMask = 2147483647;
			files = (
				FDDFDDBB2042805200B3D0DE /* xdag_iosTests.swift in Sources */,
			);
			runOnlyForDeploymentPostprocessing = 0;
		};
		FDDFDDBD2042805200B3D0DE /* Sources */ = {
			isa = PBXSourcesBuildPhase;
			buildActionMask = 2147483647;
			files = (
				FDDFDDC62042805200B3D0DE /* xdag_iosUITests.swift in Sources */,
			);
			runOnlyForDeploymentPostprocessing = 0;
		};
/* End PBXSourcesBuildPhase section */

/* Begin PBXTargetDependency section */
		FDDFDDB82042805200B3D0DE /* PBXTargetDependency */ = {
			isa = PBXTargetDependency;
			target = FDDFDD9F2042805200B3D0DE /* xdag-ios */;
			targetProxy = FDDFDDB72042805200B3D0DE /* PBXContainerItemProxy */;
		};
		FDDFDDC32042805200B3D0DE /* PBXTargetDependency */ = {
			isa = PBXTargetDependency;
			target = FDDFDD9F2042805200B3D0DE /* xdag-ios */;
			targetProxy = FDDFDDC22042805200B3D0DE /* PBXContainerItemProxy */;
		};
/* End PBXTargetDependency section */

/* Begin PBXVariantGroup section */
		FDDFDDA92042805200B3D0DE /* Main.storyboard */ = {
			isa = PBXVariantGroup;
			children = (
				FDDFDDAA2042805200B3D0DE /* Base */,
			);
			name = Main.storyboard;
			sourceTree = "<group>";
		};
		FDDFDDAE2042805200B3D0DE /* LaunchScreen.storyboard */ = {
			isa = PBXVariantGroup;
			children = (
				FDDFDDAF2042805200B3D0DE /* Base */,
			);
			name = LaunchScreen.storyboard;
			sourceTree = "<group>";
		};
/* End PBXVariantGroup section */

/* Begin XCBuildConfiguration section */
		FDDFDDC82042805200B3D0DE /* Debug */ = {
			isa = XCBuildConfiguration;
			buildSettings = {
				ALWAYS_SEARCH_USER_PATHS = NO;
				CLANG_ANALYZER_NONNULL = YES;
				CLANG_ANALYZER_NUMBER_OBJECT_CONVERSION = YES_AGGRESSIVE;
				CLANG_CXX_LANGUAGE_STANDARD = "gnu++14";
				CLANG_CXX_LIBRARY = "libc++";
				CLANG_ENABLE_MODULES = YES;
				CLANG_ENABLE_OBJC_ARC = YES;
				CLANG_WARN_BLOCK_CAPTURE_AUTORELEASING = YES;
				CLANG_WARN_BOOL_CONVERSION = YES;
				CLANG_WARN_COMMA = YES;
				CLANG_WARN_CONSTANT_CONVERSION = YES;
				CLANG_WARN_DIRECT_OBJC_ISA_USAGE = YES_ERROR;
				CLANG_WARN_DOCUMENTATION_COMMENTS = YES;
				CLANG_WARN_EMPTY_BODY = YES;
				CLANG_WARN_ENUM_CONVERSION = YES;
				CLANG_WARN_INFINITE_RECURSION = YES;
				CLANG_WARN_INT_CONVERSION = YES;
				CLANG_WARN_NON_LITERAL_NULL_CONVERSION = YES;
				CLANG_WARN_OBJC_LITERAL_CONVERSION = YES;
				CLANG_WARN_OBJC_ROOT_CLASS = YES_ERROR;
				CLANG_WARN_RANGE_LOOP_ANALYSIS = YES;
				CLANG_WARN_STRICT_PROTOTYPES = YES;
				CLANG_WARN_SUSPICIOUS_MOVE = YES;
				CLANG_WARN_UNGUARDED_AVAILABILITY = YES_AGGRESSIVE;
				CLANG_WARN_UNREACHABLE_CODE = YES;
				CLANG_WARN__DUPLICATE_METHOD_MATCH = YES;
				CODE_SIGN_IDENTITY = "iPhone Developer";
				COPY_PHASE_STRIP = NO;
				DEBUG_INFORMATION_FORMAT = dwarf;
				ENABLE_STRICT_OBJC_MSGSEND = YES;
				ENABLE_TESTABILITY = YES;
				GCC_C_LANGUAGE_STANDARD = gnu11;
				GCC_DYNAMIC_NO_PIC = NO;
				GCC_NO_COMMON_BLOCKS = YES;
				GCC_OPTIMIZATION_LEVEL = 0;
				GCC_PREPROCESSOR_DEFINITIONS = (
					"DEBUG=1",
					"$(inherited)",
				);
				GCC_WARN_64_TO_32_BIT_CONVERSION = YES;
				GCC_WARN_ABOUT_RETURN_TYPE = YES_ERROR;
				GCC_WARN_UNDECLARED_SELECTOR = YES;
				GCC_WARN_UNINITIALIZED_AUTOS = YES_AGGRESSIVE;
				GCC_WARN_UNUSED_FUNCTION = YES;
				GCC_WARN_UNUSED_VARIABLE = YES;
				IPHONEOS_DEPLOYMENT_TARGET = 11.2;
				MTL_ENABLE_DEBUG_INFO = YES;
				ONLY_ACTIVE_ARCH = YES;
				SDKROOT = iphoneos;
				SWIFT_ACTIVE_COMPILATION_CONDITIONS = DEBUG;
				SWIFT_OPTIMIZATION_LEVEL = "-Onone";
			};
			name = Debug;
		};
		FDDFDDC92042805200B3D0DE /* Release */ = {
			isa = XCBuildConfiguration;
			buildSettings = {
				ALWAYS_SEARCH_USER_PATHS = NO;
				CLANG_ANALYZER_NONNULL = YES;
				CLANG_ANALYZER_NUMBER_OBJECT_CONVERSION = YES_AGGRESSIVE;
				CLANG_CXX_LANGUAGE_STANDARD = "gnu++14";
				CLANG_CXX_LIBRARY = "libc++";
				CLANG_ENABLE_MODULES = YES;
				CLANG_ENABLE_OBJC_ARC = YES;
				CLANG_WARN_BLOCK_CAPTURE_AUTORELEASING = YES;
				CLANG_WARN_BOOL_CONVERSION = YES;
				CLANG_WARN_COMMA = YES;
				CLANG_WARN_CONSTANT_CONVERSION = YES;
				CLANG_WARN_DIRECT_OBJC_ISA_USAGE = YES_ERROR;
				CLANG_WARN_DOCUMENTATION_COMMENTS = YES;
				CLANG_WARN_EMPTY_BODY = YES;
				CLANG_WARN_ENUM_CONVERSION = YES;
				CLANG_WARN_INFINITE_RECURSION = YES;
				CLANG_WARN_INT_CONVERSION = YES;
				CLANG_WARN_NON_LITERAL_NULL_CONVERSION = YES;
				CLANG_WARN_OBJC_LITERAL_CONVERSION = YES;
				CLANG_WARN_OBJC_ROOT_CLASS = YES_ERROR;
				CLANG_WARN_RANGE_LOOP_ANALYSIS = YES;
				CLANG_WARN_STRICT_PROTOTYPES = YES;
				CLANG_WARN_SUSPICIOUS_MOVE = YES;
				CLANG_WARN_UNGUARDED_AVAILABILITY = YES_AGGRESSIVE;
				CLANG_WARN_UNREACHABLE_CODE = YES;
				CLANG_WARN__DUPLICATE_METHOD_MATCH = YES;
				CODE_SIGN_IDENTITY = "iPhone Developer";
				COPY_PHASE_STRIP = NO;
				DEBUG_INFORMATION_FORMAT = "dwarf-with-dsym";
				ENABLE_NS_ASSERTIONS = NO;
				ENABLE_STRICT_OBJC_MSGSEND = YES;
				GCC_C_LANGUAGE_STANDARD = gnu11;
				GCC_NO_COMMON_BLOCKS = YES;
				GCC_WARN_64_TO_32_BIT_CONVERSION = YES;
				GCC_WARN_ABOUT_RETURN_TYPE = YES_ERROR;
				GCC_WARN_UNDECLARED_SELECTOR = YES;
				GCC_WARN_UNINITIALIZED_AUTOS = YES_AGGRESSIVE;
				GCC_WARN_UNUSED_FUNCTION = YES;
				GCC_WARN_UNUSED_VARIABLE = YES;
				IPHONEOS_DEPLOYMENT_TARGET = 11.2;
				MTL_ENABLE_DEBUG_INFO = NO;
				SDKROOT = iphoneos;
				SWIFT_OPTIMIZATION_LEVEL = "-Owholemodule";
				VALIDATE_PRODUCT = YES;
			};
			name = Release;
		};
		FDDFDDCB2042805200B3D0DE /* Debug */ = {
			isa = XCBuildConfiguration;
			baseConfigurationReference = 1D9DAC25AEF9444ECA1E4466 /* Pods-xdag-ios.debug.xcconfig */;
			buildSettings = {
				ASSETCATALOG_COMPILER_APPICON_NAME = AppIcon;
				CODE_SIGN_IDENTITY = "iPhone Developer";
				CODE_SIGN_STYLE = Automatic;
				DEVELOPMENT_TEAM = 63W8B64Y58;
				ENABLE_BITCODE = YES;
				GCC_PREPROCESSOR_DEFINITIONS = (
					"$(inherited)",
					"COCOAPODS=1",
					__APPLE__,
				);
				HEADER_SEARCH_PATHS = "$(PROJECT_DIR)/xdag/openssl/include";
				INFOPLIST_FILE = "xdag-ios/Info.plist";
				IPHONEOS_DEPLOYMENT_TARGET = 10.0;
				LD_RUNPATH_SEARCH_PATHS = "$(inherited) @executable_path/Frameworks";
				LIBRARY_SEARCH_PATHS = (
					"$(inherited)",
					"$(PROJECT_DIR)/xdag/openssl/lib",
				);
				PRODUCT_BUNDLE_IDENTIFIER = io.xdag.wallet;
				PRODUCT_NAME = "$(TARGET_NAME)";
				PROVISIONING_PROFILE = "";
				PROVISIONING_PROFILE_SPECIFIER = "";
				SWIFT_OBJC_BRIDGING_HEADER = "xdag-ios/xdag-Bridging-Header.h";
				SWIFT_VERSION = 4.0;
				TARGETED_DEVICE_FAMILY = "1,2";
			};
			name = Debug;
		};
		FDDFDDCC2042805200B3D0DE /* Release */ = {
			isa = XCBuildConfiguration;
			baseConfigurationReference = 269411DE1C7F71C64785342F /* Pods-xdag-ios.release.xcconfig */;
			buildSettings = {
				ASSETCATALOG_COMPILER_APPICON_NAME = AppIcon;
				CODE_SIGN_IDENTITY = "iPhone Developer";
				CODE_SIGN_STYLE = Automatic;
				DEVELOPMENT_TEAM = 63W8B64Y58;
				ENABLE_BITCODE = YES;
				GCC_PREPROCESSOR_DEFINITIONS = (
					"$(inherited)",
					"COCOAPODS=1",
					__APPLE__,
				);
				"GCC_PREPROCESSOR_DEFINITIONS[arch=*]" = (
					"$(inherited)",
					"COCOAPODS=1",
					__APPLE__,
				);
				HEADER_SEARCH_PATHS = "$(PROJECT_DIR)/xdag/openssl/include";
				INFOPLIST_FILE = "xdag-ios/Info.plist";
				IPHONEOS_DEPLOYMENT_TARGET = 10.0;
				LD_RUNPATH_SEARCH_PATHS = "$(inherited) @executable_path/Frameworks";
				LIBRARY_SEARCH_PATHS = (
					"$(inherited)",
					"$(PROJECT_DIR)/xdag/openssl/lib",
				);
				PRODUCT_BUNDLE_IDENTIFIER = io.xdag.wallet;
				PRODUCT_NAME = "$(TARGET_NAME)";
				PROVISIONING_PROFILE_SPECIFIER = "";
				SWIFT_OBJC_BRIDGING_HEADER = "xdag-ios/xdag-Bridging-Header.h";
				SWIFT_VERSION = 4.0;
				TARGETED_DEVICE_FAMILY = "1,2";
			};
			name = Release;
		};
		FDDFDDCE2042805200B3D0DE /* Debug */ = {
			isa = XCBuildConfiguration;
			baseConfigurationReference = 5FFCC02E74025E13401F7F38 /* Pods-xdag-iosTests.debug.xcconfig */;
			buildSettings = {
				ALWAYS_EMBED_SWIFT_STANDARD_LIBRARIES = YES;
				BUNDLE_LOADER = "$(TEST_HOST)";
				CODE_SIGN_STYLE = Automatic;
				DEVELOPMENT_TEAM = N5NF38L9NH;
				INFOPLIST_FILE = "xdag-iosTests/Info.plist";
				LD_RUNPATH_SEARCH_PATHS = "$(inherited) @executable_path/Frameworks @loader_path/Frameworks";
				PRODUCT_BUNDLE_IDENTIFIER = "org.xdag.app.xdag-iosTests";
				PRODUCT_NAME = "$(TARGET_NAME)";
				SWIFT_VERSION = 4.0;
				TARGETED_DEVICE_FAMILY = "1,2";
				TEST_HOST = "$(BUILT_PRODUCTS_DIR)/xdag-ios.app/xdag-ios";
			};
			name = Debug;
		};
		FDDFDDCF2042805200B3D0DE /* Release */ = {
			isa = XCBuildConfiguration;
			baseConfigurationReference = 665C85CB1872EB283EDC25CE /* Pods-xdag-iosTests.release.xcconfig */;
			buildSettings = {
				ALWAYS_EMBED_SWIFT_STANDARD_LIBRARIES = YES;
				BUNDLE_LOADER = "$(TEST_HOST)";
				CODE_SIGN_STYLE = Automatic;
				DEVELOPMENT_TEAM = N5NF38L9NH;
				INFOPLIST_FILE = "xdag-iosTests/Info.plist";
				LD_RUNPATH_SEARCH_PATHS = "$(inherited) @executable_path/Frameworks @loader_path/Frameworks";
				PRODUCT_BUNDLE_IDENTIFIER = "org.xdag.app.xdag-iosTests";
				PRODUCT_NAME = "$(TARGET_NAME)";
				SWIFT_VERSION = 4.0;
				TARGETED_DEVICE_FAMILY = "1,2";
				TEST_HOST = "$(BUILT_PRODUCTS_DIR)/xdag-ios.app/xdag-ios";
			};
			name = Release;
		};
		FDDFDDD12042805200B3D0DE /* Debug */ = {
			isa = XCBuildConfiguration;
			baseConfigurationReference = B2B0194D1EE6B527C4E28409 /* Pods-xdag-iosUITests.debug.xcconfig */;
			buildSettings = {
				ALWAYS_EMBED_SWIFT_STANDARD_LIBRARIES = YES;
				CODE_SIGN_STYLE = Automatic;
				DEVELOPMENT_TEAM = N5NF38L9NH;
				INFOPLIST_FILE = "xdag-iosUITests/Info.plist";
				LD_RUNPATH_SEARCH_PATHS = "$(inherited) @executable_path/Frameworks @loader_path/Frameworks";
				PRODUCT_BUNDLE_IDENTIFIER = "org.xdag.app.xdag-iosUITests";
				PRODUCT_NAME = "$(TARGET_NAME)";
				SWIFT_VERSION = 4.0;
				TARGETED_DEVICE_FAMILY = "1,2";
				TEST_TARGET_NAME = "xdag-ios";
			};
			name = Debug;
		};
		FDDFDDD22042805200B3D0DE /* Release */ = {
			isa = XCBuildConfiguration;
			baseConfigurationReference = 71D1D089D8D2B3DAEC804371 /* Pods-xdag-iosUITests.release.xcconfig */;
			buildSettings = {
				ALWAYS_EMBED_SWIFT_STANDARD_LIBRARIES = YES;
				CODE_SIGN_STYLE = Automatic;
				DEVELOPMENT_TEAM = N5NF38L9NH;
				INFOPLIST_FILE = "xdag-iosUITests/Info.plist";
				LD_RUNPATH_SEARCH_PATHS = "$(inherited) @executable_path/Frameworks @loader_path/Frameworks";
				PRODUCT_BUNDLE_IDENTIFIER = "org.xdag.app.xdag-iosUITests";
				PRODUCT_NAME = "$(TARGET_NAME)";
				SWIFT_VERSION = 4.0;
				TARGETED_DEVICE_FAMILY = "1,2";
				TEST_TARGET_NAME = "xdag-ios";
			};
			name = Release;
		};
/* End XCBuildConfiguration section */

/* Begin XCConfigurationList section */
		FDDFDD9B2042805200B3D0DE /* Build configuration list for PBXProject "xdag-ios" */ = {
			isa = XCConfigurationList;
			buildConfigurations = (
				FDDFDDC82042805200B3D0DE /* Debug */,
				FDDFDDC92042805200B3D0DE /* Release */,
			);
			defaultConfigurationIsVisible = 0;
			defaultConfigurationName = Release;
		};
		FDDFDDCA2042805200B3D0DE /* Build configuration list for PBXNativeTarget "xdag-ios" */ = {
			isa = XCConfigurationList;
			buildConfigurations = (
				FDDFDDCB2042805200B3D0DE /* Debug */,
				FDDFDDCC2042805200B3D0DE /* Release */,
			);
			defaultConfigurationIsVisible = 0;
			defaultConfigurationName = Release;
		};
		FDDFDDCD2042805200B3D0DE /* Build configuration list for PBXNativeTarget "xdag-iosTests" */ = {
			isa = XCConfigurationList;
			buildConfigurations = (
				FDDFDDCE2042805200B3D0DE /* Debug */,
				FDDFDDCF2042805200B3D0DE /* Release */,
			);
			defaultConfigurationIsVisible = 0;
			defaultConfigurationName = Release;
		};
		FDDFDDD02042805200B3D0DE /* Build configuration list for PBXNativeTarget "xdag-iosUITests" */ = {
			isa = XCConfigurationList;
			buildConfigurations = (
				FDDFDDD12042805200B3D0DE /* Debug */,
				FDDFDDD22042805200B3D0DE /* Release */,
			);
			defaultConfigurationIsVisible = 0;
			defaultConfigurationName = Release;
		};
/* End XCConfigurationList section */
	};
	rootObject = FDDFDD982042805200B3D0DE /* Project object */;
}
